PODS:
  - VonageClientSDKVoice (1.1.0-alpha.11):
    - VonageWebRTC (~> 99.2.39)
  - VonageWebRTC (99.2.39)

DEPENDENCIES:
  - VonageClientSDKVoice (= 1.1.0-alpha.11)

SPEC REPOS:
  trunk:
    - VonageClientSDKVoice
    - VonageWebRTC

SPEC CHECKSUMS:
  VonageClientSDKVoice: 96b51660a0557d043f445cb2798f7ec683d0f415
  VonageWebRTC: 4b57187170ef4ea435006e932600646a0521d6b0

PODFILE CHECKSUM: 3144a0010e2832c75929ff9d29574407b021bc19

COCOAPODS: 1.11.3
