PODS:
  - VonageClientSDKVoice (1.1.0):
    - VonageWebRTC (~> 99.2.39)
  - VonageWebRTC (99.2.39)

DEPENDENCIES:
  - VonageClientSDKVoice (= 1.1.0)

SPEC REPOS:
  trunk:
    - VonageClientSDKVoice
    - VonageWebRTC

SPEC CHECKSUMS:
  VonageClientSDKVoice: e8465d2f55253239a37ff909a85cf73552850b3a
  VonageWebRTC: 4b57187170ef4ea435006e932600646a0521d6b0

PODFILE CHECKSUM: 7ece8c8245c76996999d933c5507effeb2186ddb

COCOAPODS: 1.11.3
