// !$*UTF8*$!
{
	archiveVersion = 1;
	classes = {
	};
	objectVersion = 55;
	objects = {

/* Begin PBXBuildFile section */
		1A0A6F2F44264EC88A66F52B /* AppTheme.swift in Sources */ = {isa = PBXBuildFile; fileRef = 3E78B661F8224C9881B9A035 /* AppTheme.swift */; };
		1C3EAD911899A03532712E53 /* Pods_VonageSDKClientVOIPExample.framework in Frameworks */ = {isa = PBXBuildFile; fileRef = 4BABF0FB0703FB934402B443 /* Pods_VonageSDKClientVOIPExample.framework */; };
		57F51DEE8D6C4134AEB07C00 /* CoreContext.swift in Sources */ = {isa = PBXBuildFile; fileRef = 39BFCF9809294A9EBCCAF716 /* CoreContext.swift */; };
		60DC4418F2FD472C9DD4855F /* VoiceClientManager.swift in Sources */ = {isa = PBXBuildFile; fileRef = 5C5B15A8D0004DAAA2679E65 /* VoiceClientManager.swift */; };
		D1F2437C2981846E00C49B3F /* Assets.xcassets in Resources */ = {isa = PBXBuildFile; fileRef = D1F2437B2981846E00C49B3F /* Assets.xcassets */; };
		FE86EACB2ECF76890017C40D /* ErrorNotificationView.swift in Sources */ = {isa = PBXBuildFile; fileRef = FE86EAC92ECF76890017C40D /* ErrorNotificationView.swift */; };
		FEB9E7712A4CA64C003C2B62 /* Configuration.swift in Sources */ = {isa = PBXBuildFile; fileRef = FEB9E7702A4CA64C003C2B62 /* Configuration.swift */; };
		FED917D32EC3843700F972F4 /* AppDelegate.swift in Sources */ = {isa = PBXBuildFile; fileRef = FED917D02EC3843700F972F4 /* AppDelegate.swift */; };
		FED917D42EC3843700F972F4 /* VonageVoiceApp.swift in Sources */ = {isa = PBXBuildFile; fileRef = FED917D12EC3843700F972F4 /* VonageVoiceApp.swift */; };
		FED917D92EC3852F00F972F4 /* VGCallWrapper.swift in Sources */ = {isa = PBXBuildFile; fileRef = FED917D62EC3852F00F972F4 /* VGCallWrapper.swift */; };
		FED917DA2EC3852F00F972F4 /* CallState.swift in Sources */ = {isa = PBXBuildFile; fileRef = FED917D52EC3852F00F972F4 /* CallState.swift */; };
		FED917E72EC3853F00F972F4 /* DialerView.swift in Sources */ = {isa = PBXBuildFile; fileRef = FED917DF2EC3853F00F972F4 /* DialerView.swift */; };
		FED917E82EC3853F00F972F4 /* CallActionButton.swift in Sources */ = {isa = PBXBuildFile; fileRef = FED917DB2EC3853F00F972F4 /* CallActionButton.swift */; };
		FED917E92EC3853F00F972F4 /* CallView.swift in Sources */ = {isa = PBXBuildFile; fileRef = FED917DD2EC3853F00F972F4 /* CallView.swift */; };
		FED917EA2EC3853F00F972F4 /* MainView.swift in Sources */ = {isa = PBXBuildFile; fileRef = FED917E42EC3853F00F972F4 /* MainView.swift */; };
		FED917EB2EC3853F00F972F4 /* LoginView.swift in Sources */ = {isa = PBXBuildFile; fileRef = FED917E12EC3853F00F972F4 /* LoginView.swift */; };
		FED917EC2EC3853F00F972F4 /* LoginViewModel.swift in Sources */ = {isa = PBXBuildFile; fileRef = FED917E22EC3853F00F972F4 /* LoginViewModel.swift */; };
		FED917F32EC3854D00F972F4 /* NetworkService.swift in Sources */ = {isa = PBXBuildFile; fileRef = FED917EE2EC3854D00F972F4 /* NetworkService.swift */; };
		FED917F42EC3854D00F972F4 /* AuthModels.swift in Sources */ = {isa = PBXBuildFile; fileRef = FED917ED2EC3854D00F972F4 /* AuthModels.swift */; };
		FED917F52EC3854D00F972F4 /* PushService.swift in Sources */ = {isa = PBXBuildFile; fileRef = FED917F02EC3854D00F972F4 /* PushService.swift */; };
		FED917FB2EC3857300F972F4 /* Data+Extensions.swift in Sources */ = {isa = PBXBuildFile; fileRef = FED917F62EC3857300F972F4 /* Data+Extensions.swift */; };
		FED917FC2EC3857300F972F4 /* UUID+Extensions.swift in Sources */ = {isa = PBXBuildFile; fileRef = FED917F82EC3857300F972F4 /* UUID+Extensions.swift */; };
		FED917FD2EC3857300F972F4 /* Publisher+Extensions.swift in Sources */ = {isa = PBXBuildFile; fileRef = FED917F72EC3857300F972F4 /* Publisher+Extensions.swift */; };
		FED918012EC39CF300F972F4 /* VoiceClientManager+CXProviderDelegate.swift in Sources */ = {isa = PBXBuildFile; fileRef = FED917FF2EC39CF300F972F4 /* VoiceClientManager+CXProviderDelegate.swift */; };
		FED918022EC39CF300F972F4 /* VoiceClientManager+VGVoiceClientDelegate.swift in Sources */ = {isa = PBXBuildFile; fileRef = FED918002EC39CF300F972F4 /* VoiceClientManager+VGVoiceClientDelegate.swift */; };
		FED918042EC40F8B00F972F4 /* PrivatePreferences.swift in Sources */ = {isa = PBXBuildFile; fileRef = FED918032EC40F8B00F972F4 /* PrivatePreferences.swift */; };
/* End PBXBuildFile section */

/* Begin PBXFileReference section */
		349634D600C084FEBBC0823C /* Pods-VonageSDKClientVOIPExample.debug.xcconfig */ = {isa = PBXFileReference; includeInIndex = 1; lastKnownFileType = text.xcconfig; name = "Pods-VonageSDKClientVOIPExample.debug.xcconfig"; path = "Target Support Files/Pods-VonageSDKClientVOIPExample/Pods-VonageSDKClientVOIPExample.debug.xcconfig"; sourceTree = "<group>"; };
		39BFCF9809294A9EBCCAF716 /* CoreContext.swift */ = {isa = PBXFileReference; lastKnownFileType = sourcecode.swift; path = CoreContext.swift; sourceTree = "<group>"; };
		3E78B661F8224C9881B9A035 /* AppTheme.swift */ = {isa = PBXFileReference; lastKnownFileType = sourcecode.swift; path = AppTheme.swift; sourceTree = "<group>"; };
		4BABF0FB0703FB934402B443 /* Pods_VonageSDKClientVOIPExample.framework */ = {isa = PBXFileReference; explicitFileType = wrapper.framework; includeInIndex = 0; path = Pods_VonageSDKClientVOIPExample.framework; sourceTree = BUILT_PRODUCTS_DIR; };
		5C5B15A8D0004DAAA2679E65 /* VoiceClientManager.swift */ = {isa = PBXFileReference; lastKnownFileType = sourcecode.swift; path = VoiceClientManager.swift; sourceTree = "<group>"; };
		6A29EF2241B7D3E5BF694A36 /* Pods-VonageSDKClientVOIPExample.release.xcconfig */ = {isa = PBXFileReference; includeInIndex = 1; lastKnownFileType = text.xcconfig; name = "Pods-VonageSDKClientVOIPExample.release.xcconfig"; path = "Target Support Files/Pods-VonageSDKClientVOIPExample/Pods-VonageSDKClientVOIPExample.release.xcconfig"; sourceTree = "<group>"; };
		D1F2436F2981846C00C49B3F /* VonageSDKClientVOIPExample.app */ = {isa = PBXFileReference; explicitFileType = wrapper.application; includeInIndex = 0; path = VonageSDKClientVOIPExample.app; sourceTree = BUILT_PRODUCTS_DIR; };
		D1F2437B2981846E00C49B3F /* Assets.xcassets */ = {isa = PBXFileReference; lastKnownFileType = folder.assetcatalog; path = Assets.xcassets; sourceTree = "<group>"; };
		D1F243802981846E00C49B3F /* Info.plist */ = {isa = PBXFileReference; lastKnownFileType = text.plist.xml; path = Info.plist; sourceTree = "<group>"; };
		D1F2438D298553B800C49B3F /* VonageSDKClientVOIPExample.entitlements */ = {isa = PBXFileReference; lastKnownFileType = text.plist.entitlements; path = VonageSDKClientVOIPExample.entitlements; sourceTree = "<group>"; };
		FE86EAC92ECF76890017C40D /* ErrorNotificationView.swift */ = {isa = PBXFileReference; lastKnownFileType = sourcecode.swift; path = ErrorNotificationView.swift; sourceTree = "<group>"; };
		FEB9E7702A4CA64C003C2B62 /* Configuration.swift */ = {isa = PBXFileReference; lastKnownFileType = sourcecode.swift; path = Configuration.swift; sourceTree = "<group>"; };
		FEB9E7792A4CB7B4003C2B62 /* secrets.xcconfig */ = {isa = PBXFileReference; fileEncoding = 4; lastKnownFileType = text.xcconfig; path = secrets.xcconfig; sourceTree = SOURCE_ROOT; };
		FED917D02EC3843700F972F4 /* AppDelegate.swift */ = {isa = PBXFileReference; lastKnownFileType = sourcecode.swift; path = AppDelegate.swift; sourceTree = "<group>"; };
		FED917D12EC3843700F972F4 /* VonageVoiceApp.swift */ = {isa = PBXFileReference; lastKnownFileType = sourcecode.swift; path = VonageVoiceApp.swift; sourceTree = "<group>"; };
		FED917D52EC3852F00F972F4 /* CallState.swift */ = {isa = PBXFileReference; lastKnownFileType = sourcecode.swift; path = CallState.swift; sourceTree = "<group>"; };
		FED917D62EC3852F00F972F4 /* VGCallWrapper.swift */ = {isa = PBXFileReference; lastKnownFileType = sourcecode.swift; path = VGCallWrapper.swift; sourceTree = "<group>"; };
		FED917DB2EC3853F00F972F4 /* CallActionButton.swift */ = {isa = PBXFileReference; lastKnownFileType = sourcecode.swift; path = CallActionButton.swift; sourceTree = "<group>"; };
		FED917DD2EC3853F00F972F4 /* CallView.swift */ = {isa = PBXFileReference; lastKnownFileType = sourcecode.swift; path = CallView.swift; sourceTree = "<group>"; };
		FED917DF2EC3853F00F972F4 /* DialerView.swift */ = {isa = PBXFileReference; lastKnownFileType = sourcecode.swift; path = DialerView.swift; sourceTree = "<group>"; };
		FED917E12EC3853F00F972F4 /* LoginView.swift */ = {isa = PBXFileReference; lastKnownFileType = sourcecode.swift; path = LoginView.swift; sourceTree = "<group>"; };
		FED917E22EC3853F00F972F4 /* LoginViewModel.swift */ = {isa = PBXFileReference; lastKnownFileType = sourcecode.swift; path = LoginViewModel.swift; sourceTree = "<group>"; };
		FED917E42EC3853F00F972F4 /* MainView.swift */ = {isa = PBXFileReference; lastKnownFileType = sourcecode.swift; path = MainView.swift; sourceTree = "<group>"; };
		FED917ED2EC3854D00F972F4 /* AuthModels.swift */ = {isa = PBXFileReference; lastKnownFileType = sourcecode.swift; path = AuthModels.swift; sourceTree = "<group>"; };
		FED917EE2EC3854D00F972F4 /* NetworkService.swift */ = {isa = PBXFileReference; lastKnownFileType = sourcecode.swift; path = NetworkService.swift; sourceTree = "<group>"; };
		FED917F02EC3854D00F972F4 /* PushService.swift */ = {isa = PBXFileReference; lastKnownFileType = sourcecode.swift; path = PushService.swift; sourceTree = "<group>"; };
		FED917F62EC3857300F972F4 /* Data+Extensions.swift */ = {isa = PBXFileReference; lastKnownFileType = sourcecode.swift; path = "Data+Extensions.swift"; sourceTree = "<group>"; };
		FED917F72EC3857300F972F4 /* Publisher+Extensions.swift */ = {isa = PBXFileReference; lastKnownFileType = sourcecode.swift; path = "Publisher+Extensions.swift"; sourceTree = "<group>"; };
		FED917F82EC3857300F972F4 /* UUID+Extensions.swift */ = {isa = PBXFileReference; lastKnownFileType = sourcecode.swift; path = "UUID+Extensions.swift"; sourceTree = "<group>"; };
		FED917FF2EC39CF300F972F4 /* VoiceClientManager+CXProviderDelegate.swift */ = {isa = PBXFileReference; lastKnownFileType = sourcecode.swift; path = "VoiceClientManager+CXProviderDelegate.swift"; sourceTree = "<group>"; };
		FED918002EC39CF300F972F4 /* VoiceClientManager+VGVoiceClientDelegate.swift */ = {isa = PBXFileReference; lastKnownFileType = sourcecode.swift; path = "VoiceClientManager+VGVoiceClientDelegate.swift"; sourceTree = "<group>"; };
		FED918032EC40F8B00F972F4 /* PrivatePreferences.swift */ = {isa = PBXFileReference; lastKnownFileType = sourcecode.swift; path = PrivatePreferences.swift; sourceTree = "<group>"; };
/* End PBXFileReference section */

/* Begin PBXFrameworksBuildPhase section */
		D1F2436C2981846C00C49B3F /* Frameworks */ = {
			isa = PBXFrameworksBuildPhase;
			buildActionMask = 2147483647;
			files = (
				1C3EAD911899A03532712E53 /* Pods_VonageSDKClientVOIPExample.framework in Frameworks */,
			);
			runOnlyForDeploymentPostprocessing = 0;
		};
/* End PBXFrameworksBuildPhase section */

/* Begin PBXGroup section */
		2A176EAAB17A4D5F931405B8 /* Theme */ = {
			isa = PBXGroup;
			children = (
				3E78B661F8224C9881B9A035 /* AppTheme.swift */,
			);
			path = Theme;
			sourceTree = "<group>";
		};
		33D62730B0AAD485C9902E2F /* Frameworks */ = {
			isa = PBXGroup;
			children = (
				4BABF0FB0703FB934402B443 /* Pods_VonageSDKClientVOIPExample.framework */,
			);
			name = Frameworks;
			sourceTree = "<group>";
		};
		664B952CD63B4FC2B577E7AE /* Core */ = {
			isa = PBXGroup;
			children = (
				39BFCF9809294A9EBCCAF716 /* CoreContext.swift */,
				5C5B15A8D0004DAAA2679E65 /* VoiceClientManager.swift */,
				FED917FF2EC39CF300F972F4 /* VoiceClientManager+CXProviderDelegate.swift */,
				FED918002EC39CF300F972F4 /* VoiceClientManager+VGVoiceClientDelegate.swift */,
			);
			path = Core;
			sourceTree = "<group>";
		};
		D1F243662981846C00C49B3F = {
			isa = PBXGroup;
			children = (
				D1F243712981846C00C49B3F /* VonageSDKClientVOIPExample */,
				33D62730B0AAD485C9902E2F /* Frameworks */,
				F65EA0CE0EC6425A836CC131 /* Pods */,
				D1F243702981846C00C49B3F /* Products */,
			);
			sourceTree = "<group>";
		};
		D1F243702981846C00C49B3F /* Products */ = {
			isa = PBXGroup;
			children = (
				D1F2436F2981846C00C49B3F /* VonageSDKClientVOIPExample.app */,
			);
			name = Products;
			sourceTree = "<group>";
		};
		D1F243712981846C00C49B3F /* VonageSDKClientVOIPExample */ = {
			isa = PBXGroup;
			children = (
				D1F2438D298553B800C49B3F /* VonageSDKClientVOIPExample.entitlements */,
				D1F243802981846E00C49B3F /* Info.plist */,
				D1F2437B2981846E00C49B3F /* Assets.xcassets */,
				FEB9E7792A4CB7B4003C2B62 /* secrets.xcconfig */,
				FED917D22EC3843700F972F4 /* App */,
				664B952CD63B4FC2B577E7AE /* Core */,
				FED917D82EC3852F00F972F4 /* Models */,
				FED917E62EC3853F00F972F4 /* Screens */,
				FED917F22EC3854D00F972F4 /* Services */,
				2A176EAAB17A4D5F931405B8 /* Theme */,
				FEB9E76F2A4CA5CB003C2B62 /* Utils */,
			);
			path = VonageSDKClientVOIPExample;
			sourceTree = "<group>";
		};
		F65EA0CE0EC6425A836CC131 /* Pods */ = {
			isa = PBXGroup;
			children = (
				349634D600C084FEBBC0823C /* Pods-VonageSDKClientVOIPExample.debug.xcconfig */,
				6A29EF2241B7D3E5BF694A36 /* Pods-VonageSDKClientVOIPExample.release.xcconfig */,
			);
			path = Pods;
			sourceTree = "<group>";
		};
		FE86EACA2ECF76890017C40D /* Error */ = {
			isa = PBXGroup;
			children = (
				FE86EAC92ECF76890017C40D /* ErrorNotificationView.swift */,
			);
			path = Error;
			sourceTree = "<group>";
		};
		FEB9E76F2A4CA5CB003C2B62 /* Utils */ = {
			isa = PBXGroup;
			children = (
				FED917FA2EC3857300F972F4 /* Extensions */,
				FEB9E7702A4CA64C003C2B62 /* Configuration.swift */,
				FED918032EC40F8B00F972F4 /* PrivatePreferences.swift */,
			);
			path = Utils;
			sourceTree = "<group>";
		};
		FED917D22EC3843700F972F4 /* App */ = {
			isa = PBXGroup;
			children = (
				FED917D02EC3843700F972F4 /* AppDelegate.swift */,
				FED917D12EC3843700F972F4 /* VonageVoiceApp.swift */,
			);
			path = App;
			sourceTree = "<group>";
		};
		FED917D72EC3852F00F972F4 /* Call */ = {
			isa = PBXGroup;
			children = (
				FED917D52EC3852F00F972F4 /* CallState.swift */,
				FED917D62EC3852F00F972F4 /* VGCallWrapper.swift */,
			);
			path = Call;
			sourceTree = "<group>";
		};
		FED917D82EC3852F00F972F4 /* Models */ = {
			isa = PBXGroup;
			children = (
				FED917D72EC3852F00F972F4 /* Call */,
			);
			path = Models;
			sourceTree = "<group>";
		};
		FED917DC2EC3853F00F972F4 /* Components */ = {
			isa = PBXGroup;
			children = (
				FED917DB2EC3853F00F972F4 /* CallActionButton.swift */,
			);
			path = Components;
			sourceTree = "<group>";
		};
		FED917DE2EC3853F00F972F4 /* Call */ = {
			isa = PBXGroup;
			children = (
				FED917DC2EC3853F00F972F4 /* Components */,
				FED917DD2EC3853F00F972F4 /* CallView.swift */,
			);
			path = Call;
			sourceTree = "<group>";
		};
		FED917E02EC3853F00F972F4 /* Dialer */ = {
			isa = PBXGroup;
			children = (
				FED917DF2EC3853F00F972F4 /* DialerView.swift */,
			);
			path = Dialer;
			sourceTree = "<group>";
		};
		FED917E32EC3853F00F972F4 /* Login */ = {
			isa = PBXGroup;
			children = (
				FED917E12EC3853F00F972F4 /* LoginView.swift */,
				FED917E22EC3853F00F972F4 /* LoginViewModel.swift */,
			);
			path = Login;
			sourceTree = "<group>";
		};
		FED917E52EC3853F00F972F4 /* Main */ = {
			isa = PBXGroup;
			children = (
				FED917E42EC3853F00F972F4 /* MainView.swift */,
			);
			path = Main;
			sourceTree = "<group>";
		};
		FED917E62EC3853F00F972F4 /* Screens */ = {
			isa = PBXGroup;
			children = (
				FED917DE2EC3853F00F972F4 /* Call */,
				FED917E02EC3853F00F972F4 /* Dialer */,
				FE86EACA2ECF76890017C40D /* Error */,
				FED917E32EC3853F00F972F4 /* Login */,
				FED917E52EC3853F00F972F4 /* Main */,
			);
			path = Screens;
			sourceTree = "<group>";
		};
		FED917EF2EC3854D00F972F4 /* Network */ = {
			isa = PBXGroup;
			children = (
				FED917ED2EC3854D00F972F4 /* AuthModels.swift */,
				FED917EE2EC3854D00F972F4 /* NetworkService.swift */,
			);
			path = Network;
			sourceTree = "<group>";
		};
		FED917F12EC3854D00F972F4 /* Push */ = {
			isa = PBXGroup;
			children = (
				FED917F02EC3854D00F972F4 /* PushService.swift */,
			);
			path = Push;
			sourceTree = "<group>";
		};
		FED917F22EC3854D00F972F4 /* Services */ = {
			isa = PBXGroup;
			children = (
				FED917EF2EC3854D00F972F4 /* Network */,
				FED917F12EC3854D00F972F4 /* Push */,
			);
			path = Services;
			sourceTree = "<group>";
		};
		FED917FA2EC3857300F972F4 /* Extensions */ = {
			isa = PBXGroup;
			children = (
				FED917F62EC3857300F972F4 /* Data+Extensions.swift */,
				FED917F72EC3857300F972F4 /* Publisher+Extensions.swift */,
				FED917F82EC3857300F972F4 /* UUID+Extensions.swift */,
			);
			path = Extensions;
			sourceTree = "<group>";
		};
/* End PBXGroup section */

/* Begin PBXNativeTarget section */
		D1F2436E2981846C00C49B3F /* VonageSDKClientVOIPExample */ = {
			isa = PBXNativeTarget;
			buildConfigurationList = D1F243832981846E00C49B3F /* Build configuration list for PBXNativeTarget "VonageSDKClientVOIPExample" */;
			buildPhases = (
				7500E77F6240F2A3D6AB8F36 /* [CP] Check Pods Manifest.lock */,
				D1F2436B2981846C00C49B3F /* Sources */,
				D1F2436C2981846C00C49B3F /* Frameworks */,
				D1F2436D2981846C00C49B3F /* Resources */,
				2BD9C6713E2E4296CA1EBD82 /* [CP] Embed Pods Frameworks */,
				D66305CDEE5F5F3B70DA798A /* [CP] Copy Pods Resources */,
			);
			buildRules = (
			);
			dependencies = (
			);
			name = VonageSDKClientVOIPExample;
			productName = VonageSDKClientVOIPExample;
			productReference = D1F2436F2981846C00C49B3F /* VonageSDKClientVOIPExample.app */;
			productType = "com.apple.product-type.application";
		};
/* End PBXNativeTarget section */

/* Begin PBXProject section */
		D1F243672981846C00C49B3F /* Project object */ = {
			isa = PBXProject;
			attributes = {
				BuildIndependentTargetsInParallel = 1;
				LastSwiftUpdateCheck = 1420;
				LastUpgradeCheck = 1500;
				TargetAttributes = {
					D1F2436E2981846C00C49B3F = {
						CreatedOnToolsVersion = 14.2;
					};
				};
			};
			buildConfigurationList = D1F2436A2981846C00C49B3F /* Build configuration list for PBXProject "VonageSDKClientVOIPExample" */;
			compatibilityVersion = "Xcode 13.0";
			developmentRegion = en;
			hasScannedForEncodings = 0;
			knownRegions = (
				en,
				Base,
			);
			mainGroup = D1F243662981846C00C49B3F;
			productRefGroup = D1F243702981846C00C49B3F /* Products */;
			projectDirPath = "";
			projectRoot = "";
			targets = (
				D1F2436E2981846C00C49B3F /* VonageSDKClientVOIPExample */,
			);
		};
/* End PBXProject section */

/* Begin PBXResourcesBuildPhase section */
		D1F2436D2981846C00C49B3F /* Resources */ = {
			isa = PBXResourcesBuildPhase;
			buildActionMask = 2147483647;
			files = (
				D1F2437C2981846E00C49B3F /* Assets.xcassets in Resources */,
			);
			runOnlyForDeploymentPostprocessing = 0;
		};
/* End PBXResourcesBuildPhase section */

/* Begin PBXShellScriptBuildPhase section */
		2BD9C6713E2E4296CA1EBD82 /* [CP] Embed Pods Frameworks */ = {
			isa = PBXShellScriptBuildPhase;
			buildActionMask = 2147483647;
			files = (
			);
			inputFileListPaths = (
				"${PODS_ROOT}/Target Support Files/Pods-VonageSDKClientVOIPExample/Pods-VonageSDKClientVOIPExample-frameworks-${CONFIGURATION}-input-files.xcfilelist",
			);
			inputPaths = (
			);
			name = "[CP] Embed Pods Frameworks";
			outputFileListPaths = (
				"${PODS_ROOT}/Target Support Files/Pods-VonageSDKClientVOIPExample/Pods-VonageSDKClientVOIPExample-frameworks-${CONFIGURATION}-output-files.xcfilelist",
			);
			outputPaths = (
			);
			runOnlyForDeploymentPostprocessing = 0;
			shellPath = /bin/sh;
			shellScript = "\"${PODS_ROOT}/Target Support Files/Pods-VonageSDKClientVOIPExample/Pods-VonageSDKClientVOIPExample-frameworks.sh\"\n";
			showEnvVarsInLog = 0;
		};
		7500E77F6240F2A3D6AB8F36 /* [CP] Check Pods Manifest.lock */ = {
			isa = PBXShellScriptBuildPhase;
			buildActionMask = 2147483647;
			files = (
			);
			inputFileListPaths = (
			);
			inputPaths = (
				"${PODS_PODFILE_DIR_PATH}/Podfile.lock",
				"${PODS_ROOT}/Manifest.lock",
			);
			name = "[CP] Check Pods Manifest.lock";
			outputFileListPaths = (
			);
			outputPaths = (
				"$(DERIVED_FILE_DIR)/Pods-VonageSDKClientVOIPExample-checkManifestLockResult.txt",
			);
			runOnlyForDeploymentPostprocessing = 0;
			shellPath = /bin/sh;
			shellScript = "diff \"${PODS_PODFILE_DIR_PATH}/Podfile.lock\" \"${PODS_ROOT}/Manifest.lock\" > /dev/null\nif [ $? != 0 ] ; then\n    # print error to STDERR\n    echo \"error: The sandbox is not in sync with the Podfile.lock. Run 'pod install' or update your CocoaPods installation.\" >&2\n    exit 1\nfi\n# This output is used by Xcode 'outputs' to avoid re-running this script phase.\necho \"SUCCESS\" > \"${SCRIPT_OUTPUT_FILE_0}\"\n";
			showEnvVarsInLog = 0;
		};
		D66305CDEE5F5F3B70DA798A /* [CP] Copy Pods Resources */ = {
			isa = PBXShellScriptBuildPhase;
			buildActionMask = 2147483647;
			files = (
			);
			inputFileListPaths = (
				"${PODS_ROOT}/Target Support Files/Pods-VonageSDKClientVOIPExample/Pods-VonageSDKClientVOIPExample-resources-${CONFIGURATION}-input-files.xcfilelist",
			);
			inputPaths = (
			);
			name = "[CP] Copy Pods Resources";
			outputFileListPaths = (
				"${PODS_ROOT}/Target Support Files/Pods-VonageSDKClientVOIPExample/Pods-VonageSDKClientVOIPExample-resources-${CONFIGURATION}-output-files.xcfilelist",
			);
			outputPaths = (
			);
			runOnlyForDeploymentPostprocessing = 0;
			shellPath = /bin/sh;
			shellScript = "\"${PODS_ROOT}/Target Support Files/Pods-VonageSDKClientVOIPExample/Pods-VonageSDKClientVOIPExample-resources.sh\"\n";
			showEnvVarsInLog = 0;
		};
/* End PBXShellScriptBuildPhase section */

/* Begin PBXSourcesBuildPhase section */
		D1F2436B2981846C00C49B3F /* Sources */ = {
			isa = PBXSourcesBuildPhase;
			buildActionMask = 2147483647;
			files = (
				57F51DEE8D6C4134AEB07C00 /* CoreContext.swift in Sources */,
				FED917E72EC3853F00F972F4 /* DialerView.swift in Sources */,
				FE86EACB2ECF76890017C40D /* ErrorNotificationView.swift in Sources */,
				FED917E82EC3853F00F972F4 /* CallActionButton.swift in Sources */,
				FED917E92EC3853F00F972F4 /* CallView.swift in Sources */,
				FED917EA2EC3853F00F972F4 /* MainView.swift in Sources */,
				FED917EB2EC3853F00F972F4 /* LoginView.swift in Sources */,
				FED917EC2EC3853F00F972F4 /* LoginViewModel.swift in Sources */,
				60DC4418F2FD472C9DD4855F /* VoiceClientManager.swift in Sources */,
				FED917F32EC3854D00F972F4 /* NetworkService.swift in Sources */,
				FED918012EC39CF300F972F4 /* VoiceClientManager+CXProviderDelegate.swift in Sources */,
				FED918022EC39CF300F972F4 /* VoiceClientManager+VGVoiceClientDelegate.swift in Sources */,
				FED917F42EC3854D00F972F4 /* AuthModels.swift in Sources */,
				FED917F52EC3854D00F972F4 /* PushService.swift in Sources */,
				1A0A6F2F44264EC88A66F52B /* AppTheme.swift in Sources */,
				FED917D32EC3843700F972F4 /* AppDelegate.swift in Sources */,
				FED917D42EC3843700F972F4 /* VonageVoiceApp.swift in Sources */,
				FED918042EC40F8B00F972F4 /* PrivatePreferences.swift in Sources */,
				FEB9E7712A4CA64C003C2B62 /* Configuration.swift in Sources */,
				FED917D92EC3852F00F972F4 /* VGCallWrapper.swift in Sources */,
				FED917DA2EC3852F00F972F4 /* CallState.swift in Sources */,
				FED917FB2EC3857300F972F4 /* Data+Extensions.swift in Sources */,
				FED917FC2EC3857300F972F4 /* UUID+Extensions.swift in Sources */,
				FED917FD2EC3857300F972F4 /* Publisher+Extensions.swift in Sources */,
			);
			runOnlyForDeploymentPostprocessing = 0;
		};
/* End PBXSourcesBuildPhase section */

/* Begin XCBuildConfiguration section */
		D1F243812981846E00C49B3F /* Debug */ = {
			isa = XCBuildConfiguration;
			baseConfigurationReference = FEB9E7792A4CB7B4003C2B62 /* secrets.xcconfig */;
			buildSettings = {
				ALWAYS_SEARCH_USER_PATHS = NO;
				CLANG_ANALYZER_NONNULL = YES;
				CLANG_ANALYZER_NUMBER_OBJECT_CONVERSION = YES_AGGRESSIVE;
				CLANG_CXX_LANGUAGE_STANDARD = "gnu++20";
				CLANG_ENABLE_MODULES = YES;
				CLANG_ENABLE_OBJC_ARC = YES;
				CLANG_ENABLE_OBJC_WEAK = YES;
				CLANG_WARN_BLOCK_CAPTURE_AUTORELEASING = YES;
				CLANG_WARN_BOOL_CONVERSION = YES;
				CLANG_WARN_COMMA = YES;
				CLANG_WARN_CONSTANT_CONVERSION = YES;
				CLANG_WARN_DEPRECATED_OBJC_IMPLEMENTATIONS = YES;
				CLANG_WARN_DIRECT_OBJC_ISA_USAGE = YES_ERROR;
				CLANG_WARN_DOCUMENTATION_COMMENTS = YES;
				CLANG_WARN_EMPTY_BODY = YES;
				CLANG_WARN_ENUM_CONVERSION = YES;
				CLANG_WARN_INFINITE_RECURSION = YES;
				CLANG_WARN_INT_CONVERSION = YES;
				CLANG_WARN_NON_LITERAL_NULL_CONVERSION = YES;
				CLANG_WARN_OBJC_IMPLICIT_RETAIN_SELF = YES;
				CLANG_WARN_OBJC_LITERAL_CONVERSION = YES;
				CLANG_WARN_OBJC_ROOT_CLASS = YES_ERROR;
				CLANG_WARN_QUOTED_INCLUDE_IN_FRAMEWORK_HEADER = YES;
				CLANG_WARN_RANGE_LOOP_ANALYSIS = YES;
				CLANG_WARN_STRICT_PROTOTYPES = YES;
				CLANG_WARN_SUSPICIOUS_MOVE = YES;
				CLANG_WARN_UNGUARDED_AVAILABILITY = YES_AGGRESSIVE;
				CLANG_WARN_UNREACHABLE_CODE = YES;
				CLANG_WARN__DUPLICATE_METHOD_MATCH = YES;
				COPY_PHASE_STRIP = NO;
				DEBUG_INFORMATION_FORMAT = dwarf;
				ENABLE_STRICT_OBJC_MSGSEND = YES;
				ENABLE_TESTABILITY = YES;
				ENABLE_USER_SCRIPT_SANDBOXING = NO;
				GCC_C_LANGUAGE_STANDARD = gnu11;
				GCC_DYNAMIC_NO_PIC = NO;
				GCC_NO_COMMON_BLOCKS = YES;
				GCC_OPTIMIZATION_LEVEL = 0;
				GCC_PREPROCESSOR_DEFINITIONS = (
					"DEBUG=1",
					"$(inherited)",
				);
				GCC_WARN_64_TO_32_BIT_CONVERSION = YES;
				GCC_WARN_ABOUT_RETURN_TYPE = YES_ERROR;
				GCC_WARN_UNDECLARED_SELECTOR = YES;
				GCC_WARN_UNINITIALIZED_AUTOS = YES_AGGRESSIVE;
				GCC_WARN_UNUSED_FUNCTION = YES;
				GCC_WARN_UNUSED_VARIABLE = YES;
				IPHONEOS_DEPLOYMENT_TARGET = 16.0;
				MTL_ENABLE_DEBUG_INFO = INCLUDE_SOURCE;
				MTL_FAST_MATH = YES;
				ONLY_ACTIVE_ARCH = YES;
				SDKROOT = iphoneos;
				SWIFT_ACTIVE_COMPILATION_CONDITIONS = DEBUG;
				SWIFT_OPTIMIZATION_LEVEL = "-Onone";
			};
			name = Debug;
		};
		D1F243822981846E00C49B3F /* Release */ = {
			isa = XCBuildConfiguration;
			baseConfigurationReference = FEB9E7792A4CB7B4003C2B62 /* secrets.xcconfig */;
			buildSettings = {
				ALWAYS_SEARCH_USER_PATHS = NO;
				CLANG_ANALYZER_NONNULL = YES;
				CLANG_ANALYZER_NUMBER_OBJECT_CONVERSION = YES_AGGRESSIVE;
				CLANG_CXX_LANGUAGE_STANDARD = "gnu++20";
				CLANG_ENABLE_MODULES = YES;
				CLANG_ENABLE_OBJC_ARC = YES;
				CLANG_ENABLE_OBJC_WEAK = YES;
				CLANG_WARN_BLOCK_CAPTURE_AUTORELEASING = YES;
				CLANG_WARN_BOOL_CONVERSION = YES;
				CLANG_WARN_COMMA = YES;
				CLANG_WARN_CONSTANT_CONVERSION = YES;
				CLANG_WARN_DEPRECATED_OBJC_IMPLEMENTATIONS = YES;
				CLANG_WARN_DIRECT_OBJC_ISA_USAGE = YES_ERROR;
				CLANG_WARN_DOCUMENTATION_COMMENTS = YES;
				CLANG_WARN_EMPTY_BODY = YES;
				CLANG_WARN_ENUM_CONVERSION = YES;
				CLANG_WARN_INFINITE_RECURSION = YES;
				CLANG_WARN_INT_CONVERSION = YES;
				CLANG_WARN_NON_LITERAL_NULL_CONVERSION = YES;
				CLANG_WARN_OBJC_IMPLICIT_RETAIN_SELF = YES;
				CLANG_WARN_OBJC_LITERAL_CONVERSION = YES;
				CLANG_WARN_OBJC_ROOT_CLASS = YES_ERROR;
				CLANG_WARN_QUOTED_INCLUDE_IN_FRAMEWORK_HEADER = YES;
				CLANG_WARN_RANGE_LOOP_ANALYSIS = YES;
				CLANG_WARN_STRICT_PROTOTYPES = YES;
				CLANG_WARN_SUSPICIOUS_MOVE = YES;
				CLANG_WARN_UNGUARDED_AVAILABILITY = YES_AGGRESSIVE;
				CLANG_WARN_UNREACHABLE_CODE = YES;
				CLANG_WARN__DUPLICATE_METHOD_MATCH = YES;
				COPY_PHASE_STRIP = NO;
				DEBUG_INFORMATION_FORMAT = "dwarf-with-dsym";
				ENABLE_NS_ASSERTIONS = NO;
				ENABLE_STRICT_OBJC_MSGSEND = YES;
				ENABLE_USER_SCRIPT_SANDBOXING = NO;
				GCC_C_LANGUAGE_STANDARD = gnu11;
				GCC_NO_COMMON_BLOCKS = YES;
				GCC_WARN_64_TO_32_BIT_CONVERSION = YES;
				GCC_WARN_ABOUT_RETURN_TYPE = YES_ERROR;
				GCC_WARN_UNDECLARED_SELECTOR = YES;
				GCC_WARN_UNINITIALIZED_AUTOS = YES_AGGRESSIVE;
				GCC_WARN_UNUSED_FUNCTION = YES;
				GCC_WARN_UNUSED_VARIABLE = YES;
				IPHONEOS_DEPLOYMENT_TARGET = 16.0;
				MTL_ENABLE_DEBUG_INFO = NO;
				MTL_FAST_MATH = YES;
				SDKROOT = iphoneos;
				SWIFT_COMPILATION_MODE = wholemodule;
				SWIFT_OPTIMIZATION_LEVEL = "-O";
				VALIDATE_PRODUCT = YES;
			};
			name = Release;
		};
		D1F243842981846E00C49B3F /* Debug */ = {
			isa = XCBuildConfiguration;
			baseConfigurationReference = 349634D600C084FEBBC0823C /* Pods-VonageSDKClientVOIPExample.debug.xcconfig */;
			buildSettings = {
				ASSETCATALOG_COMPILER_APPICON_NAME = AppIcon;
				ASSETCATALOG_COMPILER_GLOBAL_ACCENT_COLOR_NAME = AccentColor;
				CLANG_LINK_OBJC_RUNTIME = YES;
				CODE_SIGN_ENTITLEMENTS = VonageSDKClientVOIPExample/VonageSDKClientVOIPExample.entitlements;
				CODE_SIGN_STYLE = Automatic;
				CURRENT_PROJECT_VERSION = 1;
				DEVELOPMENT_TEAM = 7F2B5ZSP8Q;
				GENERATE_INFOPLIST_FILE = YES;
				INFOPLIST_FILE = VonageSDKClientVOIPExample/Info.plist;
				INFOPLIST_KEY_ITSAppUsesNonExemptEncryption = NO;
				INFOPLIST_KEY_NSMicrophoneUsageDescription = "This app needs access to your microphone to enable voice calls through the Vonage Voice API.";
				INFOPLIST_KEY_UIApplicationSupportsIndirectInputEvents = YES;
				INFOPLIST_KEY_UILaunchStoryboardName = LaunchScreen;
				INFOPLIST_KEY_UIMainStoryboardFile = "";
				INFOPLIST_KEY_UISupportedInterfaceOrientations = "UIInterfaceOrientationPortrait UIInterfaceOrientationPortraitUpsideDown UIInterfaceOrientationLandscapeLeft UIInterfaceOrientationLandscapeRight";
				INFOPLIST_KEY_UISupportedInterfaceOrientations_iPad = "UIInterfaceOrientationPortrait UIInterfaceOrientationPortraitUpsideDown UIInterfaceOrientationLandscapeLeft UIInterfaceOrientationLandscapeRight";
				"INFOPLIST_KEY_UISupportedInterfaceOrientations_iPad[sdk=iphoneos*]" = "UIInterfaceOrientationPortrait UIInterfaceOrientationPortraitUpsideDown UIInterfaceOrientationLandscapeLeft UIInterfaceOrientationLandscapeRight";
				"INFOPLIST_KEY_UISupportedInterfaceOrientations_iPad[sdk=iphonesimulator*]" = "UIInterfaceOrientationPortrait UIInterfaceOrientationPortraitUpsideDown UIInterfaceOrientationLandscapeLeft UIInterfaceOrientationLandscapeRight";
				INFOPLIST_KEY_UIUserInterfaceStyle = Light;
				IPHONEOS_DEPLOYMENT_TARGET = 16.0;
				LD_RUNPATH_SEARCH_PATHS = (
					"$(inherited)",
					"@executable_path/Frameworks",
				);
				MACH_O_TYPE = mh_execute;
				MARKETING_VERSION = 1.0;
				PRODUCT_BUNDLE_IDENTIFIER = "com.vonage.client-sdk.voice-sample";
				PRODUCT_NAME = "$(TARGET_NAME)";
				SWIFT_EMIT_LOC_STRINGS = YES;
				SWIFT_VERSION = 5.0;
				TARGETED_DEVICE_FAMILY = "1,2";
			};
			name = Debug;
		};
		D1F243852981846E00C49B3F /* Release */ = {
			isa = XCBuildConfiguration;
			baseConfigurationReference = 6A29EF2241B7D3E5BF694A36 /* Pods-VonageSDKClientVOIPExample.release.xcconfig */;
			buildSettings = {
				ASSETCATALOG_COMPILER_APPICON_NAME = AppIcon;
				ASSETCATALOG_COMPILER_GLOBAL_ACCENT_COLOR_NAME = AccentColor;
				CLANG_LINK_OBJC_RUNTIME = YES;
				CODE_SIGN_ENTITLEMENTS = VonageSDKClientVOIPExample/VonageSDKClientVOIPExample.entitlements;
				CODE_SIGN_STYLE = Automatic;
				CURRENT_PROJECT_VERSION = 1;
				DEVELOPMENT_TEAM = 7F2B5ZSP8Q;
				GENERATE_INFOPLIST_FILE = YES;
				INFOPLIST_FILE = VonageSDKClientVOIPExample/Info.plist;
				INFOPLIST_KEY_ITSAppUsesNonExemptEncryption = NO;
				INFOPLIST_KEY_NSMicrophoneUsageDescription = "This app needs access to your microphone to enable voice calls through the Vonage Voice API.";
				INFOPLIST_KEY_UIApplicationSupportsIndirectInputEvents = YES;
				INFOPLIST_KEY_UILaunchStoryboardName = LaunchScreen;
				INFOPLIST_KEY_UIMainStoryboardFile = "";
				INFOPLIST_KEY_UISupportedInterfaceOrientations = "UIInterfaceOrientationPortrait UIInterfaceOrientationPortraitUpsideDown UIInterfaceOrientationLandscapeLeft UIInterfaceOrientationLandscapeRight";
				INFOPLIST_KEY_UISupportedInterfaceOrientations_iPad = "UIInterfaceOrientationPortrait UIInterfaceOrientationPortraitUpsideDown UIInterfaceOrientationLandscapeLeft UIInterfaceOrientationLandscapeRight";
				"INFOPLIST_KEY_UISupportedInterfaceOrientations_iPad[sdk=iphoneos*]" = "UIInterfaceOrientationPortrait UIInterfaceOrientationPortraitUpsideDown UIInterfaceOrientationLandscapeLeft UIInterfaceOrientationLandscapeRight";
				"INFOPLIST_KEY_UISupportedInterfaceOrientations_iPad[sdk=iphonesimulator*]" = "UIInterfaceOrientationPortrait UIInterfaceOrientationPortraitUpsideDown UIInterfaceOrientationLandscapeLeft UIInterfaceOrientationLandscapeRight";
				INFOPLIST_KEY_UIUserInterfaceStyle = Light;
				IPHONEOS_DEPLOYMENT_TARGET = 16.0;
				LD_RUNPATH_SEARCH_PATHS = (
					"$(inherited)",
					"@executable_path/Frameworks",
				);
				MACH_O_TYPE = mh_execute;
				MARKETING_VERSION = 1.0;
				PRODUCT_BUNDLE_IDENTIFIER = "com.vonage.client-sdk.voice-sample";
				PRODUCT_NAME = "$(TARGET_NAME)";
				SWIFT_EMIT_LOC_STRINGS = YES;
				SWIFT_VERSION = 5.0;
				TARGETED_DEVICE_FAMILY = "1,2";
			};
			name = Release;
		};
/* End XCBuildConfiguration section */

/* Begin XCConfigurationList section */
		D1F2436A2981846C00C49B3F /* Build configuration list for PBXProject "VonageSDKClientVOIPExample" */ = {
			isa = XCConfigurationList;
			buildConfigurations = (
				D1F243812981846E00C49B3F /* Debug */,
				D1F243822981846E00C49B3F /* Release */,
			);
			defaultConfigurationIsVisible = 0;
			defaultConfigurationName = Release;
		};
		D1F243832981846E00C49B3F /* Build configuration list for PBXNativeTarget "VonageSDKClientVOIPExample" */ = {
			isa = XCConfigurationList;
			buildConfigurations = (
				D1F243842981846E00C49B3F /* Debug */,
				D1F243852981846E00C49B3F /* Release */,
			);
			defaultConfigurationIsVisible = 0;
			defaultConfigurationName = Release;
		};
/* End XCConfigurationList section */
	};
	rootObject = D1F243672981846C00C49B3F /* Project object */;
}
