// !$*UTF8*$!
{
	archiveVersion = 1;
	classes = {
	};
	objectVersion = 55;
	objects = {

/* Begin PBXBuildFile section */
		1A0A6F2F44264EC88A66F52B /* AppTheme.swift in Sources */ = {isa = PBXBuildFile; fileRef = 3E78B661F8224C9881B9A035 /* AppTheme.swift */; };
		1C3EAD911899A03532712E53 /* Pods_VonageSDKClientVOIPExample.framework in Frameworks */ = {isa = PBXBuildFile; fileRef = 4BABF0FB0703FB934402B443 /* Pods_VonageSDKClientVOIPExample.framework */; };
		57F51DEE8D6C4134AEB07C00 /* CoreContext.swift in Sources */ = {isa = PBXBuildFile; fileRef = 39BFCF9809294A9EBCCAF716 /* CoreContext.swift */; };
		60DC4418F2FD472C9DD4855F /* VoiceClientManager.swift in Sources */ = {isa = PBXBuildFile; fileRef = 5C5B15A8D0004DAAA2679E65 /* VoiceClientManager.swift */; };
		79C4DF22887244A9AC91D6E0 /* DialerView.swift in Sources */ = {isa = PBXBuildFile; fileRef = D2A2C20872E448D7A01EF2D1 /* DialerView.swift */; };
		A648BEA256FF41F6A72F0B63 /* CallView.swift in Sources */ = {isa = PBXBuildFile; fileRef = CB368D922CCE462186B2099A /* CallView.swift */; };
		BDB20E361AF847D589C1FFA2 /* MainView.swift in Sources */ = {isa = PBXBuildFile; fileRef = CDE793F7B1D54428ABADB1F9 /* MainView.swift */; };
		CA13CE650A9B4CA9958E6078 /* VonageVoiceApp.swift in Sources */ = {isa = PBXBuildFile; fileRef = F65C1A54310F4394841CE885 /* VonageVoiceApp.swift */; };
		D1215930299984FA001BB563 /* PushController.swift in Sources */ = {isa = PBXBuildFile; fileRef = D121592F299984FA001BB563 /* PushController.swift */; };
		D1521C332999A86600E7D572 /* utils.swift in Sources */ = {isa = PBXBuildFile; fileRef = D1521C322999A86600E7D572 /* utils.swift */; };
		D1F243732981846C00C49B3F /* AppDelegate.swift in Sources */ = {isa = PBXBuildFile; fileRef = D1F243722981846C00C49B3F /* AppDelegate.swift */; };
		D1F2437C2981846E00C49B3F /* Assets.xcassets in Resources */ = {isa = PBXBuildFile; fileRef = D1F2437B2981846E00C49B3F /* Assets.xcassets */; };
		ED966E4E726F4B7EA98EC920 /* LoginView.swift in Sources */ = {isa = PBXBuildFile; fileRef = F66E56C1929B42378F421E1D /* LoginView.swift */; };
		FEB9E7712A4CA64C003C2B62 /* Configuration.swift in Sources */ = {isa = PBXBuildFile; fileRef = FEB9E7702A4CA64C003C2B62 /* Configuration.swift */; };
		FEB9E7742A4CA6FD003C2B62 /* NetworkController.swift in Sources */ = {isa = PBXBuildFile; fileRef = FEB9E7732A4CA6FD003C2B62 /* NetworkController.swift */; };
/* End PBXBuildFile section */

/* Begin PBXFileReference section */
		349634D600C084FEBBC0823C /* Pods-VonageSDKClientVOIPExample.debug.xcconfig */ = {isa = PBXFileReference; includeInIndex = 1; lastKnownFileType = text.xcconfig; name = "Pods-VonageSDKClientVOIPExample.debug.xcconfig"; path = "Target Support Files/Pods-VonageSDKClientVOIPExample/Pods-VonageSDKClientVOIPExample.debug.xcconfig"; sourceTree = "<group>"; };
		39BFCF9809294A9EBCCAF716 /* CoreContext.swift */ = {isa = PBXFileReference; lastKnownFileType = sourcecode.swift; path = CoreContext.swift; sourceTree = "<group>"; };
		3E78B661F8224C9881B9A035 /* AppTheme.swift */ = {isa = PBXFileReference; lastKnownFileType = sourcecode.swift; path = AppTheme.swift; sourceTree = "<group>"; };
		4BABF0FB0703FB934402B443 /* Pods_VonageSDKClientVOIPExample.framework */ = {isa = PBXFileReference; explicitFileType = wrapper.framework; includeInIndex = 0; path = Pods_VonageSDKClientVOIPExample.framework; sourceTree = BUILT_PRODUCTS_DIR; };
		5C5B15A8D0004DAAA2679E65 /* VoiceClientManager.swift */ = {isa = PBXFileReference; lastKnownFileType = sourcecode.swift; path = VoiceClientManager.swift; sourceTree = "<group>"; };
		6A29EF2241B7D3E5BF694A36 /* Pods-VonageSDKClientVOIPExample.release.xcconfig */ = {isa = PBXFileReference; includeInIndex = 1; lastKnownFileType = text.xcconfig; name = "Pods-VonageSDKClientVOIPExample.release.xcconfig"; path = "Target Support Files/Pods-VonageSDKClientVOIPExample/Pods-VonageSDKClientVOIPExample.release.xcconfig"; sourceTree = "<group>"; };
		CB368D922CCE462186B2099A /* CallView.swift */ = {isa = PBXFileReference; lastKnownFileType = sourcecode.swift; path = CallView.swift; sourceTree = "<group>"; };
		CDE793F7B1D54428ABADB1F9 /* MainView.swift */ = {isa = PBXFileReference; lastKnownFileType = sourcecode.swift; path = MainView.swift; sourceTree = "<group>"; };
		D121592F299984FA001BB563 /* PushController.swift */ = {isa = PBXFileReference; lastKnownFileType = sourcecode.swift; path = PushController.swift; sourceTree = "<group>"; };
		D1521C322999A86600E7D572 /* utils.swift */ = {isa = PBXFileReference; lastKnownFileType = sourcecode.swift; path = utils.swift; sourceTree = "<group>"; };
		D1F2436F2981846C00C49B3F /* VonageSDKClientVOIPExample.app */ = {isa = PBXFileReference; explicitFileType = wrapper.application; includeInIndex = 0; path = VonageSDKClientVOIPExample.app; sourceTree = BUILT_PRODUCTS_DIR; };
		D1F243722981846C00C49B3F /* AppDelegate.swift */ = {isa = PBXFileReference; lastKnownFileType = sourcecode.swift; path = AppDelegate.swift; sourceTree = "<group>"; };
		D1F2437B2981846E00C49B3F /* Assets.xcassets */ = {isa = PBXFileReference; lastKnownFileType = folder.assetcatalog; path = Assets.xcassets; sourceTree = "<group>"; };
		D1F243802981846E00C49B3F /* Info.plist */ = {isa = PBXFileReference; lastKnownFileType = text.plist.xml; path = Info.plist; sourceTree = "<group>"; };
		D1F2438D298553B800C49B3F /* VonageSDKClientVOIPExample.entitlements */ = {isa = PBXFileReference; lastKnownFileType = text.plist.entitlements; path = VonageSDKClientVOIPExample.entitlements; sourceTree = "<group>"; };
		D2A2C20872E448D7A01EF2D1 /* DialerView.swift */ = {isa = PBXFileReference; lastKnownFileType = sourcecode.swift; path = DialerView.swift; sourceTree = "<group>"; };
		F65C1A54310F4394841CE885 /* VonageVoiceApp.swift */ = {isa = PBXFileReference; lastKnownFileType = sourcecode.swift; path = VonageVoiceApp.swift; sourceTree = "<group>"; };
		F66E56C1929B42378F421E1D /* LoginView.swift */ = {isa = PBXFileReference; lastKnownFileType = sourcecode.swift; path = LoginView.swift; sourceTree = "<group>"; };
		FEB9E7702A4CA64C003C2B62 /* Configuration.swift */ = {isa = PBXFileReference; lastKnownFileType = sourcecode.swift; path = Configuration.swift; sourceTree = "<group>"; };
		FEB9E7732A4CA6FD003C2B62 /* NetworkController.swift */ = {isa = PBXFileReference; lastKnownFileType = sourcecode.swift; path = NetworkController.swift; sourceTree = "<group>"; };
		FEB9E7792A4CB7B4003C2B62 /* secrets.xcconfig */ = {isa = PBXFileReference; fileEncoding = 4; lastKnownFileType = text.xcconfig; path = secrets.xcconfig; sourceTree = SOURCE_ROOT; };
/* End PBXFileReference section */

/* Begin PBXFrameworksBuildPhase section */
		D1F2436C2981846C00C49B3F /* Frameworks */ = {
			isa = PBXFrameworksBuildPhase;
			buildActionMask = 2147483647;
			files = (
				1C3EAD911899A03532712E53 /* Pods_VonageSDKClientVOIPExample.framework in Frameworks */,
			);
			runOnlyForDeploymentPostprocessing = 0;
		};
/* End PBXFrameworksBuildPhase section */

/* Begin PBXGroup section */
		2A176EAAB17A4D5F931405B8 /* Theme */ = {
			isa = PBXGroup;
			children = (
				3E78B661F8224C9881B9A035 /* AppTheme.swift */,
			);
			path = Theme;
			sourceTree = "<group>";
		};
		33D62730B0AAD485C9902E2F /* Frameworks */ = {
			isa = PBXGroup;
			children = (
				4BABF0FB0703FB934402B443 /* Pods_VonageSDKClientVOIPExample.framework */,
			);
			name = Frameworks;
			sourceTree = "<group>";
		};
		664B952CD63B4FC2B577E7AE /* Core */ = {
			isa = PBXGroup;
			children = (
				39BFCF9809294A9EBCCAF716 /* CoreContext.swift */,
				5C5B15A8D0004DAAA2679E65 /* VoiceClientManager.swift */,
			);
			path = Core;
			sourceTree = "<group>";
		};
		D12159342999874B001BB563 /* Push */ = {
			isa = PBXGroup;
			children = (
				D121592F299984FA001BB563 /* PushController.swift */,
			);
			path = Push;
			sourceTree = "<group>";
		};
		D1521C34299A53F400E7D572 /* Application */ = {
			isa = PBXGroup;
			children = (
				D1F243722981846C00C49B3F /* AppDelegate.swift */,
			);
			path = Application;
			sourceTree = "<group>";
		};
		D1F243662981846C00C49B3F = {
			isa = PBXGroup;
			children = (
				D1F243712981846C00C49B3F /* VonageSDKClientVOIPExample */,
				D1F243702981846C00C49B3F /* Products */,
				F65EA0CE0EC6425A836CC131 /* Pods */,
				33D62730B0AAD485C9902E2F /* Frameworks */,
			);
			sourceTree = "<group>";
		};
		D1F243702981846C00C49B3F /* Products */ = {
			isa = PBXGroup;
			children = (
				D1F2436F2981846C00C49B3F /* VonageSDKClientVOIPExample.app */,
			);
			name = Products;
			sourceTree = "<group>";
		};
		D1F243712981846C00C49B3F /* VonageSDKClientVOIPExample */ = {
			isa = PBXGroup;
			children = (
				F65C1A54310F4394841CE885 /* VonageVoiceApp.swift */,
				FEB9E7792A4CB7B4003C2B62 /* secrets.xcconfig */,
				D1521C34299A53F400E7D572 /* Application */,
				D1F2437B2981846E00C49B3F /* Assets.xcassets */,
				664B952CD63B4FC2B577E7AE /* Core */,
				D1F24396298B0F8200C49B3F /* Controllers */,
				D1F243802981846E00C49B3F /* Info.plist */,
				2A176EAAB17A4D5F931405B8 /* Theme */,
				FEB9E76F2A4CA5CB003C2B62 /* Utils */,
				FDECDB3896D445CD8B49F4FB /* Views */,
				D1F2438D298553B800C49B3F /* VonageSDKClientVOIPExample.entitlements */,
			);
			path = VonageSDKClientVOIPExample;
			sourceTree = "<group>";
		};
		D1F24396298B0F8200C49B3F /* Controllers */ = {
			isa = PBXGroup;
			children = (
				FEB9E7722A4CA6E7003C2B62 /* Network */,
				D12159342999874B001BB563 /* Push */,
			);
			path = Controllers;
			sourceTree = "<group>";
		};
		F65EA0CE0EC6425A836CC131 /* Pods */ = {
			isa = PBXGroup;
			children = (
				349634D600C084FEBBC0823C /* Pods-VonageSDKClientVOIPExample.debug.xcconfig */,
				6A29EF2241B7D3E5BF694A36 /* Pods-VonageSDKClientVOIPExample.release.xcconfig */,
			);
			path = Pods;
			sourceTree = "<group>";
		};
		FDECDB3896D445CD8B49F4FB /* Views */ = {
			isa = PBXGroup;
			children = (
				F66E56C1929B42378F421E1D /* LoginView.swift */,
				CDE793F7B1D54428ABADB1F9 /* MainView.swift */,
				CB368D922CCE462186B2099A /* CallView.swift */,
				D2A2C20872E448D7A01EF2D1 /* DialerView.swift */,
			);
			path = Views;
			sourceTree = "<group>";
		};
		FEB9E76F2A4CA5CB003C2B62 /* Utils */ = {
			isa = PBXGroup;
			children = (
				D1521C322999A86600E7D572 /* utils.swift */,
				FEB9E7702A4CA64C003C2B62 /* Configuration.swift */,
			);
			path = Utils;
			sourceTree = "<group>";
		};
		FEB9E7722A4CA6E7003C2B62 /* Network */ = {
			isa = PBXGroup;
			children = (
				FEB9E7732A4CA6FD003C2B62 /* NetworkController.swift */,
			);
			path = Network;
			sourceTree = "<group>";
		};
/* End PBXGroup section */

/* Begin PBXNativeTarget section */
		D1F2436E2981846C00C49B3F /* VonageSDKClientVOIPExample */ = {
			isa = PBXNativeTarget;
			buildConfigurationList = D1F243832981846E00C49B3F /* Build configuration list for PBXNativeTarget "VonageSDKClientVOIPExample" */;
			buildPhases = (
				7500E77F6240F2A3D6AB8F36 /* [CP] Check Pods Manifest.lock */,
				D1F2436B2981846C00C49B3F /* Sources */,
				D1F2436C2981846C00C49B3F /* Frameworks */,
				D1F2436D2981846C00C49B3F /* Resources */,
				2BD9C6713E2E4296CA1EBD82 /* [CP] Embed Pods Frameworks */,
				D66305CDEE5F5F3B70DA798A /* [CP] Copy Pods Resources */,
			);
			buildRules = (
			);
			dependencies = (
			);
			name = VonageSDKClientVOIPExample;
			productName = VonageSDKClientVOIPExample;
			productReference = D1F2436F2981846C00C49B3F /* VonageSDKClientVOIPExample.app */;
			productType = "com.apple.product-type.application";
		};
/* End PBXNativeTarget section */

/* Begin PBXProject section */
		D1F243672981846C00C49B3F /* Project object */ = {
			isa = PBXProject;
			attributes = {
				BuildIndependentTargetsInParallel = 1;
				LastSwiftUpdateCheck = 1420;
				LastUpgradeCheck = 1500;
				TargetAttributes = {
					D1F2436E2981846C00C49B3F = {
						CreatedOnToolsVersion = 14.2;
					};
				};
			};
			buildConfigurationList = D1F2436A2981846C00C49B3F /* Build configuration list for PBXProject "VonageSDKClientVOIPExample" */;
			compatibilityVersion = "Xcode 13.0";
			developmentRegion = en;
			hasScannedForEncodings = 0;
			knownRegions = (
				en,
				Base,
			);
			mainGroup = D1F243662981846C00C49B3F;
			productRefGroup = D1F243702981846C00C49B3F /* Products */;
			projectDirPath = "";
			projectRoot = "";
			targets = (
				D1F2436E2981846C00C49B3F /* VonageSDKClientVOIPExample */,
			);
		};
/* End PBXProject section */

/* Begin PBXResourcesBuildPhase section */
		D1F2436D2981846C00C49B3F /* Resources */ = {
			isa = PBXResourcesBuildPhase;
			buildActionMask = 2147483647;
			files = (
				D1F2437C2981846E00C49B3F /* Assets.xcassets in Resources */,
			);
			runOnlyForDeploymentPostprocessing = 0;
		};
/* End PBXResourcesBuildPhase section */

/* Begin PBXShellScriptBuildPhase section */
		2BD9C6713E2E4296CA1EBD82 /* [CP] Embed Pods Frameworks */ = {
			isa = PBXShellScriptBuildPhase;
			buildActionMask = 2147483647;
			files = (
			);
			inputFileListPaths = (
				"${PODS_ROOT}/Target Support Files/Pods-VonageSDKClientVOIPExample/Pods-VonageSDKClientVOIPExample-frameworks-${CONFIGURATION}-input-files.xcfilelist",
			);
			inputPaths = (
			);
			name = "[CP] Embed Pods Frameworks";
			outputFileListPaths = (
				"${PODS_ROOT}/Target Support Files/Pods-VonageSDKClientVOIPExample/Pods-VonageSDKClientVOIPExample-frameworks-${CONFIGURATION}-output-files.xcfilelist",
			);
			outputPaths = (
			);
			runOnlyForDeploymentPostprocessing = 0;
			shellPath = /bin/sh;
			shellScript = "\"${PODS_ROOT}/Target Support Files/Pods-VonageSDKClientVOIPExample/Pods-VonageSDKClientVOIPExample-frameworks.sh\"\n";
			showEnvVarsInLog = 0;
		};
		7500E77F6240F2A3D6AB8F36 /* [CP] Check Pods Manifest.lock */ = {
			isa = PBXShellScriptBuildPhase;
			buildActionMask = 2147483647;
			files = (
			);
			inputFileListPaths = (
			);
			inputPaths = (
				"${PODS_PODFILE_DIR_PATH}/Podfile.lock",
				"${PODS_ROOT}/Manifest.lock",
			);
			name = "[CP] Check Pods Manifest.lock";
			outputFileListPaths = (
			);
			outputPaths = (
				"$(DERIVED_FILE_DIR)/Pods-VonageSDKClientVOIPExample-checkManifestLockResult.txt",
			);
			runOnlyForDeploymentPostprocessing = 0;
			shellPath = /bin/sh;
			shellScript = "diff \"${PODS_PODFILE_DIR_PATH}/Podfile.lock\" \"${PODS_ROOT}/Manifest.lock\" > /dev/null\nif [ $? != 0 ] ; then\n    # print error to STDERR\n    echo \"error: The sandbox is not in sync with the Podfile.lock. Run 'pod install' or update your CocoaPods installation.\" >&2\n    exit 1\nfi\n# This output is used by Xcode 'outputs' to avoid re-running this script phase.\necho \"SUCCESS\" > \"${SCRIPT_OUTPUT_FILE_0}\"\n";
			showEnvVarsInLog = 0;
		};
		D66305CDEE5F5F3B70DA798A /* [CP] Copy Pods Resources */ = {
			isa = PBXShellScriptBuildPhase;
			buildActionMask = 2147483647;
			files = (
			);
			inputFileListPaths = (
				"${PODS_ROOT}/Target Support Files/Pods-VonageSDKClientVOIPExample/Pods-VonageSDKClientVOIPExample-resources-${CONFIGURATION}-input-files.xcfilelist",
			);
			inputPaths = (
			);
			name = "[CP] Copy Pods Resources";
			outputFileListPaths = (
				"${PODS_ROOT}/Target Support Files/Pods-VonageSDKClientVOIPExample/Pods-VonageSDKClientVOIPExample-resources-${CONFIGURATION}-output-files.xcfilelist",
			);
			outputPaths = (
			);
			runOnlyForDeploymentPostprocessing = 0;
			shellPath = /bin/sh;
			shellScript = "\"${PODS_ROOT}/Target Support Files/Pods-VonageSDKClientVOIPExample/Pods-VonageSDKClientVOIPExample-resources.sh\"\n";
			showEnvVarsInLog = 0;
		};
/* End PBXShellScriptBuildPhase section */

/* Begin PBXSourcesBuildPhase section */
		D1F2436B2981846C00C49B3F /* Sources */ = {
			isa = PBXSourcesBuildPhase;
			buildActionMask = 2147483647;
			files = (
				CA13CE650A9B4CA9958E6078 /* VonageVoiceApp.swift in Sources */,
				57F51DEE8D6C4134AEB07C00 /* CoreContext.swift in Sources */,
				60DC4418F2FD472C9DD4855F /* VoiceClientManager.swift in Sources */,
				1A0A6F2F44264EC88A66F52B /* AppTheme.swift in Sources */,
				ED966E4E726F4B7EA98EC920 /* LoginView.swift in Sources */,
				BDB20E361AF847D589C1FFA2 /* MainView.swift in Sources */,
				A648BEA256FF41F6A72F0B63 /* CallView.swift in Sources */,
				79C4DF22887244A9AC91D6E0 /* DialerView.swift in Sources */,
				FEB9E7742A4CA6FD003C2B62 /* NetworkController.swift in Sources */,
				D1521C332999A86600E7D572 /* utils.swift in Sources */,
				D1215930299984FA001BB563 /* PushController.swift in Sources */,
				FEB9E7712A4CA64C003C2B62 /* Configuration.swift in Sources */,
				D1F243732981846C00C49B3F /* AppDelegate.swift in Sources */,
			);
			runOnlyForDeploymentPostprocessing = 0;
		};
/* End PBXSourcesBuildPhase section */

/* Begin XCBuildConfiguration section */
		D1F243812981846E00C49B3F /* Debug */ = {
			isa = XCBuildConfiguration;
			baseConfigurationReference = FEB9E7792A4CB7B4003C2B62 /* secrets.xcconfig */;
			buildSettings = {
				ALWAYS_SEARCH_USER_PATHS = NO;
				CLANG_ANALYZER_NONNULL = YES;
				CLANG_ANALYZER_NUMBER_OBJECT_CONVERSION = YES_AGGRESSIVE;
				CLANG_CXX_LANGUAGE_STANDARD = "gnu++20";
				CLANG_ENABLE_MODULES = YES;
				CLANG_ENABLE_OBJC_ARC = YES;
				CLANG_ENABLE_OBJC_WEAK = YES;
				CLANG_WARN_BLOCK_CAPTURE_AUTORELEASING = YES;
				CLANG_WARN_BOOL_CONVERSION = YES;
				CLANG_WARN_COMMA = YES;
				CLANG_WARN_CONSTANT_CONVERSION = YES;
				CLANG_WARN_DEPRECATED_OBJC_IMPLEMENTATIONS = YES;
				CLANG_WARN_DIRECT_OBJC_ISA_USAGE = YES_ERROR;
				CLANG_WARN_DOCUMENTATION_COMMENTS = YES;
				CLANG_WARN_EMPTY_BODY = YES;
				CLANG_WARN_ENUM_CONVERSION = YES;
				CLANG_WARN_INFINITE_RECURSION = YES;
				CLANG_WARN_INT_CONVERSION = YES;
				CLANG_WARN_NON_LITERAL_NULL_CONVERSION = YES;
				CLANG_WARN_OBJC_IMPLICIT_RETAIN_SELF = YES;
				CLANG_WARN_OBJC_LITERAL_CONVERSION = YES;
				CLANG_WARN_OBJC_ROOT_CLASS = YES_ERROR;
				CLANG_WARN_QUOTED_INCLUDE_IN_FRAMEWORK_HEADER = YES;
				CLANG_WARN_RANGE_LOOP_ANALYSIS = YES;
				CLANG_WARN_STRICT_PROTOTYPES = YES;
				CLANG_WARN_SUSPICIOUS_MOVE = YES;
				CLANG_WARN_UNGUARDED_AVAILABILITY = YES_AGGRESSIVE;
				CLANG_WARN_UNREACHABLE_CODE = YES;
				CLANG_WARN__DUPLICATE_METHOD_MATCH = YES;
				COPY_PHASE_STRIP = NO;
				DEBUG_INFORMATION_FORMAT = dwarf;
				ENABLE_STRICT_OBJC_MSGSEND = YES;
				ENABLE_TESTABILITY = YES;
				ENABLE_USER_SCRIPT_SANDBOXING = NO;
				GCC_C_LANGUAGE_STANDARD = gnu11;
				GCC_DYNAMIC_NO_PIC = NO;
				GCC_NO_COMMON_BLOCKS = YES;
				GCC_OPTIMIZATION_LEVEL = 0;
				GCC_PREPROCESSOR_DEFINITIONS = (
					"DEBUG=1",
					"$(inherited)",
				);
				GCC_WARN_64_TO_32_BIT_CONVERSION = YES;
				GCC_WARN_ABOUT_RETURN_TYPE = YES_ERROR;
				GCC_WARN_UNDECLARED_SELECTOR = YES;
				GCC_WARN_UNINITIALIZED_AUTOS = YES_AGGRESSIVE;
				GCC_WARN_UNUSED_FUNCTION = YES;
				GCC_WARN_UNUSED_VARIABLE = YES;
				IPHONEOS_DEPLOYMENT_TARGET = 16.0;
				MTL_ENABLE_DEBUG_INFO = INCLUDE_SOURCE;
				MTL_FAST_MATH = YES;
				ONLY_ACTIVE_ARCH = YES;
				SDKROOT = iphoneos;
				SWIFT_ACTIVE_COMPILATION_CONDITIONS = DEBUG;
				SWIFT_OPTIMIZATION_LEVEL = "-Onone";
			};
			name = Debug;
		};
		D1F243822981846E00C49B3F /* Release */ = {
			isa = XCBuildConfiguration;
			baseConfigurationReference = FEB9E7792A4CB7B4003C2B62 /* secrets.xcconfig */;
			buildSettings = {
				ALWAYS_SEARCH_USER_PATHS = NO;
				CLANG_ANALYZER_NONNULL = YES;
				CLANG_ANALYZER_NUMBER_OBJECT_CONVERSION = YES_AGGRESSIVE;
				CLANG_CXX_LANGUAGE_STANDARD = "gnu++20";
				CLANG_ENABLE_MODULES = YES;
				CLANG_ENABLE_OBJC_ARC = YES;
				CLANG_ENABLE_OBJC_WEAK = YES;
				CLANG_WARN_BLOCK_CAPTURE_AUTORELEASING = YES;
				CLANG_WARN_BOOL_CONVERSION = YES;
				CLANG_WARN_COMMA = YES;
				CLANG_WARN_CONSTANT_CONVERSION = YES;
				CLANG_WARN_DEPRECATED_OBJC_IMPLEMENTATIONS = YES;
				CLANG_WARN_DIRECT_OBJC_ISA_USAGE = YES_ERROR;
				CLANG_WARN_DOCUMENTATION_COMMENTS = YES;
				CLANG_WARN_EMPTY_BODY = YES;
				CLANG_WARN_ENUM_CONVERSION = YES;
				CLANG_WARN_INFINITE_RECURSION = YES;
				CLANG_WARN_INT_CONVERSION = YES;
				CLANG_WARN_NON_LITERAL_NULL_CONVERSION = YES;
				CLANG_WARN_OBJC_IMPLICIT_RETAIN_SELF = YES;
				CLANG_WARN_OBJC_LITERAL_CONVERSION = YES;
				CLANG_WARN_OBJC_ROOT_CLASS = YES_ERROR;
				CLANG_WARN_QUOTED_INCLUDE_IN_FRAMEWORK_HEADER = YES;
				CLANG_WARN_RANGE_LOOP_ANALYSIS = YES;
				CLANG_WARN_STRICT_PROTOTYPES = YES;
				CLANG_WARN_SUSPICIOUS_MOVE = YES;
				CLANG_WARN_UNGUARDED_AVAILABILITY = YES_AGGRESSIVE;
				CLANG_WARN_UNREACHABLE_CODE = YES;
				CLANG_WARN__DUPLICATE_METHOD_MATCH = YES;
				COPY_PHASE_STRIP = NO;
				DEBUG_INFORMATION_FORMAT = "dwarf-with-dsym";
				ENABLE_NS_ASSERTIONS = NO;
				ENABLE_STRICT_OBJC_MSGSEND = YES;
				ENABLE_USER_SCRIPT_SANDBOXING = NO;
				GCC_C_LANGUAGE_STANDARD = gnu11;
				GCC_NO_COMMON_BLOCKS = YES;
				GCC_WARN_64_TO_32_BIT_CONVERSION = YES;
				GCC_WARN_ABOUT_RETURN_TYPE = YES_ERROR;
				GCC_WARN_UNDECLARED_SELECTOR = YES;
				GCC_WARN_UNINITIALIZED_AUTOS = YES_AGGRESSIVE;
				GCC_WARN_UNUSED_FUNCTION = YES;
				GCC_WARN_UNUSED_VARIABLE = YES;
				IPHONEOS_DEPLOYMENT_TARGET = 16.0;
				MTL_ENABLE_DEBUG_INFO = NO;
				MTL_FAST_MATH = YES;
				SDKROOT = iphoneos;
				SWIFT_COMPILATION_MODE = wholemodule;
				SWIFT_OPTIMIZATION_LEVEL = "-O";
				VALIDATE_PRODUCT = YES;
			};
			name = Release;
		};
		D1F243842981846E00C49B3F /* Debug */ = {
			isa = XCBuildConfiguration;
			baseConfigurationReference = 349634D600C084FEBBC0823C /* Pods-VonageSDKClientVOIPExample.debug.xcconfig */;
			buildSettings = {
				ASSETCATALOG_COMPILER_APPICON_NAME = AppIcon;
				ASSETCATALOG_COMPILER_GLOBAL_ACCENT_COLOR_NAME = AccentColor;
				CLANG_LINK_OBJC_RUNTIME = YES;
				CODE_SIGN_ENTITLEMENTS = VonageSDKClientVOIPExample/VonageSDKClientVOIPExample.entitlements;
				CODE_SIGN_STYLE = Automatic;
				CURRENT_PROJECT_VERSION = 1;
				DEVELOPMENT_TEAM = 7F2B5ZSP8Q;
				GENERATE_INFOPLIST_FILE = YES;
				INFOPLIST_FILE = VonageSDKClientVOIPExample/Info.plist;
				INFOPLIST_KEY_NSMicrophoneUsageDescription = "This app needs access to your microphone to enable voice calls through the Vonage Voice API.";
				INFOPLIST_KEY_UIApplicationSupportsIndirectInputEvents = YES;
				INFOPLIST_KEY_UILaunchStoryboardName = LaunchScreen;
				INFOPLIST_KEY_UIMainStoryboardFile = "";
				INFOPLIST_KEY_UISupportedInterfaceOrientations = UIInterfaceOrientationPortrait;
				"INFOPLIST_KEY_UISupportedInterfaceOrientations_iPad[sdk=iphoneos*]" = "UIInterfaceOrientationPortrait UIInterfaceOrientationPortraitUpsideDown UIInterfaceOrientationLandscapeLeft UIInterfaceOrientationLandscapeRight";
				"INFOPLIST_KEY_UISupportedInterfaceOrientations_iPad[sdk=iphonesimulator*]" = "UIInterfaceOrientationPortrait UIInterfaceOrientationPortraitUpsideDown UIInterfaceOrientationLandscapeLeft UIInterfaceOrientationLandscapeRight";
				IPHONEOS_DEPLOYMENT_TARGET = 16.0;
				LD_RUNPATH_SEARCH_PATHS = (
					"$(inherited)",
					"@executable_path/Frameworks",
				);
				MACH_O_TYPE = mh_execute;
				MARKETING_VERSION = 1.0;
				PRODUCT_BUNDLE_IDENTIFIER = "com.nexmo.nexmoclient-push-notifications-test-app-ios";
				PRODUCT_NAME = "$(TARGET_NAME)";
				SWIFT_EMIT_LOC_STRINGS = YES;
				SWIFT_VERSION = 5.0;
				TARGETED_DEVICE_FAMILY = "1,2";
			};
			name = Debug;
		};
		D1F243852981846E00C49B3F /* Release */ = {
			isa = XCBuildConfiguration;
			baseConfigurationReference = 6A29EF2241B7D3E5BF694A36 /* Pods-VonageSDKClientVOIPExample.release.xcconfig */;
			buildSettings = {
				ASSETCATALOG_COMPILER_APPICON_NAME = AppIcon;
				ASSETCATALOG_COMPILER_GLOBAL_ACCENT_COLOR_NAME = AccentColor;
				CLANG_LINK_OBJC_RUNTIME = YES;
				CODE_SIGN_ENTITLEMENTS = VonageSDKClientVOIPExample/VonageSDKClientVOIPExample.entitlements;
				CODE_SIGN_STYLE = Automatic;
				CURRENT_PROJECT_VERSION = 1;
				DEVELOPMENT_TEAM = 7F2B5ZSP8Q;
				GENERATE_INFOPLIST_FILE = YES;
				INFOPLIST_FILE = VonageSDKClientVOIPExample/Info.plist;
				INFOPLIST_KEY_NSMicrophoneUsageDescription = "This app needs access to your microphone to enable voice calls through the Vonage Voice API.";
				INFOPLIST_KEY_UIApplicationSupportsIndirectInputEvents = YES;
				INFOPLIST_KEY_UILaunchStoryboardName = LaunchScreen;
				INFOPLIST_KEY_UIMainStoryboardFile = "";
				INFOPLIST_KEY_UISupportedInterfaceOrientations = UIInterfaceOrientationPortrait;
				"INFOPLIST_KEY_UISupportedInterfaceOrientations_iPad[sdk=iphoneos*]" = "UIInterfaceOrientationPortrait UIInterfaceOrientationPortraitUpsideDown UIInterfaceOrientationLandscapeLeft UIInterfaceOrientationLandscapeRight";
				"INFOPLIST_KEY_UISupportedInterfaceOrientations_iPad[sdk=iphonesimulator*]" = "UIInterfaceOrientationPortrait UIInterfaceOrientationPortraitUpsideDown UIInterfaceOrientationLandscapeLeft UIInterfaceOrientationLandscapeRight";
				IPHONEOS_DEPLOYMENT_TARGET = 16.0;
				LD_RUNPATH_SEARCH_PATHS = (
					"$(inherited)",
					"@executable_path/Frameworks",
				);
				MACH_O_TYPE = mh_execute;
				MARKETING_VERSION = 1.0;
				PRODUCT_BUNDLE_IDENTIFIER = "com.nexmo.nexmoclient-push-notifications-test-app-ios";
				PRODUCT_NAME = "$(TARGET_NAME)";
				SWIFT_EMIT_LOC_STRINGS = YES;
				SWIFT_VERSION = 5.0;
				TARGETED_DEVICE_FAMILY = "1,2";
			};
			name = Release;
		};
/* End XCBuildConfiguration section */

/* Begin XCConfigurationList section */
		D1F2436A2981846C00C49B3F /* Build configuration list for PBXProject "VonageSDKClientVOIPExample" */ = {
			isa = XCConfigurationList;
			buildConfigurations = (
				D1F243812981846E00C49B3F /* Debug */,
				D1F243822981846E00C49B3F /* Release */,
			);
			defaultConfigurationIsVisible = 0;
			defaultConfigurationName = Release;
		};
		D1F243832981846E00C49B3F /* Build configuration list for PBXNativeTarget "VonageSDKClientVOIPExample" */ = {
			isa = XCConfigurationList;
			buildConfigurations = (
				D1F243842981846E00C49B3F /* Debug */,
				D1F243852981846E00C49B3F /* Release */,
			);
			defaultConfigurationIsVisible = 0;
			defaultConfigurationName = Release;
		};
/* End XCConfigurationList section */
	};
	rootObject = D1F243672981846C00C49B3F /* Project object */;
}
