// !$*UTF8*$!
{
	archiveVersion = 1;
	classes = {
	};
	objectVersion = 55;
	objects = {

/* Begin PBXBuildFile section */
		1C3EAD911899A03532712E53 /* Pods_VonageSDKClientVOIPExample.framework in Frameworks */ = {isa = PBXBuildFile; fileRef = 4BABF0FB0703FB934402B443 /* Pods_VonageSDKClientVOIPExample.framework */; };
		D118E6E029E9EA9C0039EABA /* CallVisualView.swift in Sources */ = {isa = PBXBuildFile; fileRef = D118E6DF29E9EA9C0039EABA /* CallVisualView.swift */; };
		D1215927299980E2001BB563 /* CallController.swift in Sources */ = {isa = PBXBuildFile; fileRef = D1215926299980E2001BB563 /* CallController.swift */; };
		D121592A299982A4001BB563 /* CallController+VGVoiceDelegate.swift in Sources */ = {isa = PBXBuildFile; fileRef = D1215929299982A4001BB563 /* CallController+VGVoiceDelegate.swift */; };
		D1215930299984FA001BB563 /* PushController.swift in Sources */ = {isa = PBXBuildFile; fileRef = D121592F299984FA001BB563 /* PushController.swift */; };
		D121593329998536001BB563 /* Call.swift in Sources */ = {isa = PBXBuildFile; fileRef = D121593229998536001BB563 /* Call.swift */; };
		D121593929998FE6001BB563 /* User.swift in Sources */ = {isa = PBXBuildFile; fileRef = D121593829998FE6001BB563 /* User.swift */; };
		D121593D2999A2A6001BB563 /* Connection.swift in Sources */ = {isa = PBXBuildFile; fileRef = D121593C2999A2A6001BB563 /* Connection.swift */; };
		D1521C332999A86600E7D572 /* utils.swift in Sources */ = {isa = PBXBuildFile; fileRef = D1521C322999A86600E7D572 /* utils.swift */; };
		D1521C44299C395F00E7D572 /* CircularButton.swift in Sources */ = {isa = PBXBuildFile; fileRef = D1521C43299C395F00E7D572 /* CircularButton.swift */; };
		D1521C46299C396800E7D572 /* DialerView.swift in Sources */ = {isa = PBXBuildFile; fileRef = D1521C45299C396800E7D572 /* DialerView.swift */; };
		D1521C48299C410A00E7D572 /* CircularRingView.swift in Sources */ = {isa = PBXBuildFile; fileRef = D1521C47299C410A00E7D572 /* CircularRingView.swift */; };
		D1521C4A299DA37B00E7D572 /* CallController+CXProviderDelegate.swift in Sources */ = {isa = PBXBuildFile; fileRef = D1521C49299DA37B00E7D572 /* CallController+CXProviderDelegate.swift */; };
		D1F243732981846C00C49B3F /* AppDelegate.swift in Sources */ = {isa = PBXBuildFile; fileRef = D1F243722981846C00C49B3F /* AppDelegate.swift */; };
		D1F243752981846C00C49B3F /* SceneDelegate.swift in Sources */ = {isa = PBXBuildFile; fileRef = D1F243742981846C00C49B3F /* SceneDelegate.swift */; };
		D1F243772981846C00C49B3F /* DialerViewController.swift in Sources */ = {isa = PBXBuildFile; fileRef = D1F243762981846C00C49B3F /* DialerViewController.swift */; };
		D1F2437C2981846E00C49B3F /* Assets.xcassets in Resources */ = {isa = PBXBuildFile; fileRef = D1F2437B2981846E00C49B3F /* Assets.xcassets */; };
		D1F2437F2981846E00C49B3F /* LaunchScreen.storyboard in Resources */ = {isa = PBXBuildFile; fileRef = D1F2437D2981846E00C49B3F /* LaunchScreen.storyboard */; };
		D1F24388298187C600C49B3F /* LoginViewController.swift in Sources */ = {isa = PBXBuildFile; fileRef = D1F24387298187C600C49B3F /* LoginViewController.swift */; };
		D1F2438A2981902900C49B3F /* UserController.swift in Sources */ = {isa = PBXBuildFile; fileRef = D1F243892981902900C49B3F /* UserController.swift */; };
		D1F2438F2987370B00C49B3F /* ActveCallViewController.swift in Sources */ = {isa = PBXBuildFile; fileRef = D1F2438E2987370B00C49B3F /* ActveCallViewController.swift */; };
		FEB9E7712A4CA64C003C2B62 /* Configuration.swift in Sources */ = {isa = PBXBuildFile; fileRef = FEB9E7702A4CA64C003C2B62 /* Configuration.swift */; };
		FEB9E7742A4CA6FD003C2B62 /* NetworkController.swift in Sources */ = {isa = PBXBuildFile; fileRef = FEB9E7732A4CA6FD003C2B62 /* NetworkController.swift */; };
		FEB9E7762A4CA815003C2B62 /* BaseViewController.swift in Sources */ = {isa = PBXBuildFile; fileRef = FEB9E7752A4CA815003C2B62 /* BaseViewController.swift */; };
/* End PBXBuildFile section */

/* Begin PBXFileReference section */
		349634D600C084FEBBC0823C /* Pods-VonageSDKClientVOIPExample.debug.xcconfig */ = {isa = PBXFileReference; includeInIndex = 1; lastKnownFileType = text.xcconfig; name = "Pods-VonageSDKClientVOIPExample.debug.xcconfig"; path = "Target Support Files/Pods-VonageSDKClientVOIPExample/Pods-VonageSDKClientVOIPExample.debug.xcconfig"; sourceTree = "<group>"; };
		4BABF0FB0703FB934402B443 /* Pods_VonageSDKClientVOIPExample.framework */ = {isa = PBXFileReference; explicitFileType = wrapper.framework; includeInIndex = 0; path = Pods_VonageSDKClientVOIPExample.framework; sourceTree = BUILT_PRODUCTS_DIR; };
		6A29EF2241B7D3E5BF694A36 /* Pods-VonageSDKClientVOIPExample.release.xcconfig */ = {isa = PBXFileReference; includeInIndex = 1; lastKnownFileType = text.xcconfig; name = "Pods-VonageSDKClientVOIPExample.release.xcconfig"; path = "Target Support Files/Pods-VonageSDKClientVOIPExample/Pods-VonageSDKClientVOIPExample.release.xcconfig"; sourceTree = "<group>"; };
		D118E6DF29E9EA9C0039EABA /* CallVisualView.swift */ = {isa = PBXFileReference; lastKnownFileType = sourcecode.swift; path = CallVisualView.swift; sourceTree = "<group>"; };
		D1215926299980E2001BB563 /* CallController.swift */ = {isa = PBXFileReference; lastKnownFileType = sourcecode.swift; path = CallController.swift; sourceTree = "<group>"; };
		D1215929299982A4001BB563 /* CallController+VGVoiceDelegate.swift */ = {isa = PBXFileReference; lastKnownFileType = sourcecode.swift; path = "CallController+VGVoiceDelegate.swift"; sourceTree = "<group>"; };
		D121592F299984FA001BB563 /* PushController.swift */ = {isa = PBXFileReference; lastKnownFileType = sourcecode.swift; path = PushController.swift; sourceTree = "<group>"; };
		D121593229998536001BB563 /* Call.swift */ = {isa = PBXFileReference; lastKnownFileType = sourcecode.swift; path = Call.swift; sourceTree = "<group>"; };
		D121593829998FE6001BB563 /* User.swift */ = {isa = PBXFileReference; lastKnownFileType = sourcecode.swift; path = User.swift; sourceTree = "<group>"; };
		D121593C2999A2A6001BB563 /* Connection.swift */ = {isa = PBXFileReference; lastKnownFileType = sourcecode.swift; path = Connection.swift; sourceTree = "<group>"; };
		D1521C322999A86600E7D572 /* utils.swift */ = {isa = PBXFileReference; lastKnownFileType = sourcecode.swift; path = utils.swift; sourceTree = "<group>"; };
		D1521C43299C395F00E7D572 /* CircularButton.swift */ = {isa = PBXFileReference; lastKnownFileType = sourcecode.swift; path = CircularButton.swift; sourceTree = "<group>"; };
		D1521C45299C396800E7D572 /* DialerView.swift */ = {isa = PBXFileReference; lastKnownFileType = sourcecode.swift; path = DialerView.swift; sourceTree = "<group>"; };
		D1521C47299C410A00E7D572 /* CircularRingView.swift */ = {isa = PBXFileReference; lastKnownFileType = sourcecode.swift; path = CircularRingView.swift; sourceTree = "<group>"; };
		D1521C49299DA37B00E7D572 /* CallController+CXProviderDelegate.swift */ = {isa = PBXFileReference; lastKnownFileType = sourcecode.swift; path = "CallController+CXProviderDelegate.swift"; sourceTree = "<group>"; };
		D1F2436F2981846C00C49B3F /* VonageSDKClientVOIPExample.app */ = {isa = PBXFileReference; explicitFileType = wrapper.application; includeInIndex = 0; path = VonageSDKClientVOIPExample.app; sourceTree = BUILT_PRODUCTS_DIR; };
		D1F243722981846C00C49B3F /* AppDelegate.swift */ = {isa = PBXFileReference; lastKnownFileType = sourcecode.swift; path = AppDelegate.swift; sourceTree = "<group>"; };
		D1F243742981846C00C49B3F /* SceneDelegate.swift */ = {isa = PBXFileReference; lastKnownFileType = sourcecode.swift; path = SceneDelegate.swift; sourceTree = "<group>"; };
		D1F243762981846C00C49B3F /* DialerViewController.swift */ = {isa = PBXFileReference; lastKnownFileType = sourcecode.swift; path = DialerViewController.swift; sourceTree = "<group>"; };
		D1F2437B2981846E00C49B3F /* Assets.xcassets */ = {isa = PBXFileReference; lastKnownFileType = folder.assetcatalog; path = Assets.xcassets; sourceTree = "<group>"; };
		D1F2437E2981846E00C49B3F /* Base */ = {isa = PBXFileReference; lastKnownFileType = file.storyboard; name = Base; path = Base.lproj/LaunchScreen.storyboard; sourceTree = "<group>"; };
		D1F243802981846E00C49B3F /* Info.plist */ = {isa = PBXFileReference; lastKnownFileType = text.plist.xml; path = Info.plist; sourceTree = "<group>"; };
		D1F24387298187C600C49B3F /* LoginViewController.swift */ = {isa = PBXFileReference; lastKnownFileType = sourcecode.swift; path = LoginViewController.swift; sourceTree = "<group>"; };
		D1F243892981902900C49B3F /* UserController.swift */ = {isa = PBXFileReference; lastKnownFileType = sourcecode.swift; path = UserController.swift; sourceTree = "<group>"; };
		D1F2438D298553B800C49B3F /* VonageSDKClientVOIPExample.entitlements */ = {isa = PBXFileReference; lastKnownFileType = text.plist.entitlements; path = VonageSDKClientVOIPExample.entitlements; sourceTree = "<group>"; };
		D1F2438E2987370B00C49B3F /* ActveCallViewController.swift */ = {isa = PBXFileReference; lastKnownFileType = sourcecode.swift; path = ActveCallViewController.swift; sourceTree = "<group>"; };
		FEB9E7702A4CA64C003C2B62 /* Configuration.swift */ = {isa = PBXFileReference; lastKnownFileType = sourcecode.swift; path = Configuration.swift; sourceTree = "<group>"; };
		FEB9E7732A4CA6FD003C2B62 /* NetworkController.swift */ = {isa = PBXFileReference; lastKnownFileType = sourcecode.swift; path = NetworkController.swift; sourceTree = "<group>"; };
		FEB9E7752A4CA815003C2B62 /* BaseViewController.swift */ = {isa = PBXFileReference; lastKnownFileType = sourcecode.swift; path = BaseViewController.swift; sourceTree = "<group>"; };
		FEB9E7792A4CB7B4003C2B62 /* secrets.xcconfig */ = {isa = PBXFileReference; fileEncoding = 4; lastKnownFileType = text.xcconfig; path = secrets.xcconfig; sourceTree = SOURCE_ROOT; };
/* End PBXFileReference section */

/* Begin PBXFrameworksBuildPhase section */
		D1F2436C2981846C00C49B3F /* Frameworks */ = {
			isa = PBXFrameworksBuildPhase;
			buildActionMask = 2147483647;
			files = (
				1C3EAD911899A03532712E53 /* Pods_VonageSDKClientVOIPExample.framework in Frameworks */,
			);
			runOnlyForDeploymentPostprocessing = 0;
		};
/* End PBXFrameworksBuildPhase section */

/* Begin PBXGroup section */
		33D62730B0AAD485C9902E2F /* Frameworks */ = {
			isa = PBXGroup;
			children = (
				4BABF0FB0703FB934402B443 /* Pods_VonageSDKClientVOIPExample.framework */,
			);
			name = Frameworks;
			sourceTree = "<group>";
		};
		D121592829998146001BB563 /* Calls */ = {
			isa = PBXGroup;
			children = (
				D1215926299980E2001BB563 /* CallController.swift */,
				D1521C49299DA37B00E7D572 /* CallController+CXProviderDelegate.swift */,
				D1215929299982A4001BB563 /* CallController+VGVoiceDelegate.swift */,
			);
			path = Calls;
			sourceTree = "<group>";
		};
		D121593129998512001BB563 /* Model */ = {
			isa = PBXGroup;
			children = (
				D121593229998536001BB563 /* Call.swift */,
				D121593829998FE6001BB563 /* User.swift */,
				D121593C2999A2A6001BB563 /* Connection.swift */,
			);
			path = Model;
			sourceTree = "<group>";
		};
		D12159342999874B001BB563 /* Push */ = {
			isa = PBXGroup;
			children = (
				D121592F299984FA001BB563 /* PushController.swift */,
			);
			path = Push;
			sourceTree = "<group>";
		};
		D121593729998FB2001BB563 /* User */ = {
			isa = PBXGroup;
			children = (
				D1F243892981902900C49B3F /* UserController.swift */,
			);
			path = User;
			sourceTree = "<group>";
		};
		D1521C34299A53F400E7D572 /* Application */ = {
			isa = PBXGroup;
			children = (
				D1F243722981846C00C49B3F /* AppDelegate.swift */,
				D1F243742981846C00C49B3F /* SceneDelegate.swift */,
			);
			path = Application;
			sourceTree = "<group>";
		};
		D1521C41299C393700E7D572 /* UIViews */ = {
			isa = PBXGroup;
			children = (
				D1521C43299C395F00E7D572 /* CircularButton.swift */,
				D1521C45299C396800E7D572 /* DialerView.swift */,
				D1521C47299C410A00E7D572 /* CircularRingView.swift */,
				D118E6DF29E9EA9C0039EABA /* CallVisualView.swift */,
			);
			path = UIViews;
			sourceTree = "<group>";
		};
		D1521C42299C393F00E7D572 /* ViewControllers */ = {
			isa = PBXGroup;
			children = (
				D1F2438E2987370B00C49B3F /* ActveCallViewController.swift */,
				D1F24387298187C600C49B3F /* LoginViewController.swift */,
				D1F243762981846C00C49B3F /* DialerViewController.swift */,
				FEB9E7752A4CA815003C2B62 /* BaseViewController.swift */,
			);
			path = ViewControllers;
			sourceTree = "<group>";
		};
		D1F243662981846C00C49B3F = {
			isa = PBXGroup;
			children = (
				D1F243712981846C00C49B3F /* VonageSDKClientVOIPExample */,
				D1F243702981846C00C49B3F /* Products */,
				F65EA0CE0EC6425A836CC131 /* Pods */,
				33D62730B0AAD485C9902E2F /* Frameworks */,
			);
			sourceTree = "<group>";
		};
		D1F243702981846C00C49B3F /* Products */ = {
			isa = PBXGroup;
			children = (
				D1F2436F2981846C00C49B3F /* VonageSDKClientVOIPExample.app */,
			);
			name = Products;
			sourceTree = "<group>";
		};
		D1F243712981846C00C49B3F /* VonageSDKClientVOIPExample */ = {
			isa = PBXGroup;
			children = (
				FEB9E7792A4CB7B4003C2B62 /* secrets.xcconfig */,
				D1521C34299A53F400E7D572 /* Application */,
				D1F2437B2981846E00C49B3F /* Assets.xcassets */,
				D1F24396298B0F8200C49B3F /* Controllers */,
				D1F243802981846E00C49B3F /* Info.plist */,
				D1F2437D2981846E00C49B3F /* LaunchScreen.storyboard */,
				D121593129998512001BB563 /* Model */,
				FEB9E76F2A4CA5CB003C2B62 /* Utils */,
				D1F24391298B0D5700C49B3F /* View */,
				D1F2438D298553B800C49B3F /* VonageSDKClientVOIPExample.entitlements */,
			);
			path = VonageSDKClientVOIPExample;
			sourceTree = "<group>";
		};
		D1F24391298B0D5700C49B3F /* View */ = {
			isa = PBXGroup;
			children = (
				D1521C42299C393F00E7D572 /* ViewControllers */,
				D1521C41299C393700E7D572 /* UIViews */,
			);
			path = View;
			sourceTree = "<group>";
		};
		D1F24396298B0F8200C49B3F /* Controllers */ = {
			isa = PBXGroup;
			children = (
				FEB9E7722A4CA6E7003C2B62 /* Network */,
				D121593729998FB2001BB563 /* User */,
				D121592829998146001BB563 /* Calls */,
				D12159342999874B001BB563 /* Push */,
			);
			path = Controllers;
			sourceTree = "<group>";
		};
		F65EA0CE0EC6425A836CC131 /* Pods */ = {
			isa = PBXGroup;
			children = (
				349634D600C084FEBBC0823C /* Pods-VonageSDKClientVOIPExample.debug.xcconfig */,
				6A29EF2241B7D3E5BF694A36 /* Pods-VonageSDKClientVOIPExample.release.xcconfig */,
			);
			path = Pods;
			sourceTree = "<group>";
		};
		FEB9E76F2A4CA5CB003C2B62 /* Utils */ = {
			isa = PBXGroup;
			children = (
				D1521C322999A86600E7D572 /* utils.swift */,
				FEB9E7702A4CA64C003C2B62 /* Configuration.swift */,
			);
			path = Utils;
			sourceTree = "<group>";
		};
		FEB9E7722A4CA6E7003C2B62 /* Network */ = {
			isa = PBXGroup;
			children = (
				FEB9E7732A4CA6FD003C2B62 /* NetworkController.swift */,
			);
			path = Network;
			sourceTree = "<group>";
		};
/* End PBXGroup section */

/* Begin PBXNativeTarget section */
		D1F2436E2981846C00C49B3F /* VonageSDKClientVOIPExample */ = {
			isa = PBXNativeTarget;
			buildConfigurationList = D1F243832981846E00C49B3F /* Build configuration list for PBXNativeTarget "VonageSDKClientVOIPExample" */;
			buildPhases = (
				7500E77F6240F2A3D6AB8F36 /* [CP] Check Pods Manifest.lock */,
				D1F2436B2981846C00C49B3F /* Sources */,
				D1F2436C2981846C00C49B3F /* Frameworks */,
				D1F2436D2981846C00C49B3F /* Resources */,
				2BD9C6713E2E4296CA1EBD82 /* [CP] Embed Pods Frameworks */,
			);
			buildRules = (
			);
			dependencies = (
			);
			name = VonageSDKClientVOIPExample;
			productName = VonageSDKClientVOIPExample;
			productReference = D1F2436F2981846C00C49B3F /* VonageSDKClientVOIPExample.app */;
			productType = "com.apple.product-type.application";
		};
/* End PBXNativeTarget section */

/* Begin PBXProject section */
		D1F243672981846C00C49B3F /* Project object */ = {
			isa = PBXProject;
			attributes = {
				BuildIndependentTargetsInParallel = 1;
				LastSwiftUpdateCheck = 1420;
				LastUpgradeCheck = 1500;
				TargetAttributes = {
					D1F2436E2981846C00C49B3F = {
						CreatedOnToolsVersion = 14.2;
					};
				};
			};
			buildConfigurationList = D1F2436A2981846C00C49B3F /* Build configuration list for PBXProject "VonageSDKClientVOIPExample" */;
			compatibilityVersion = "Xcode 13.0";
			developmentRegion = en;
			hasScannedForEncodings = 0;
			knownRegions = (
				en,
				Base,
			);
			mainGroup = D1F243662981846C00C49B3F;
			productRefGroup = D1F243702981846C00C49B3F /* Products */;
			projectDirPath = "";
			projectRoot = "";
			targets = (
				D1F2436E2981846C00C49B3F /* VonageSDKClientVOIPExample */,
			);
		};
/* End PBXProject section */

/* Begin PBXResourcesBuildPhase section */
		D1F2436D2981846C00C49B3F /* Resources */ = {
			isa = PBXResourcesBuildPhase;
			buildActionMask = 2147483647;
			files = (
				D1F2437F2981846E00C49B3F /* LaunchScreen.storyboard in Resources */,
				D1F2437C2981846E00C49B3F /* Assets.xcassets in Resources */,
			);
			runOnlyForDeploymentPostprocessing = 0;
		};
/* End PBXResourcesBuildPhase section */

/* Begin PBXShellScriptBuildPhase section */
		2BD9C6713E2E4296CA1EBD82 /* [CP] Embed Pods Frameworks */ = {
			isa = PBXShellScriptBuildPhase;
			buildActionMask = 2147483647;
			files = (
			);
			inputFileListPaths = (
				"${PODS_ROOT}/Target Support Files/Pods-VonageSDKClientVOIPExample/Pods-VonageSDKClientVOIPExample-frameworks-${CONFIGURATION}-input-files.xcfilelist",
			);
			name = "[CP] Embed Pods Frameworks";
			outputFileListPaths = (
				"${PODS_ROOT}/Target Support Files/Pods-VonageSDKClientVOIPExample/Pods-VonageSDKClientVOIPExample-frameworks-${CONFIGURATION}-output-files.xcfilelist",
			);
			runOnlyForDeploymentPostprocessing = 0;
			shellPath = /bin/sh;
			shellScript = "\"${PODS_ROOT}/Target Support Files/Pods-VonageSDKClientVOIPExample/Pods-VonageSDKClientVOIPExample-frameworks.sh\"\n";
			showEnvVarsInLog = 0;
		};
		7500E77F6240F2A3D6AB8F36 /* [CP] Check Pods Manifest.lock */ = {
			isa = PBXShellScriptBuildPhase;
			buildActionMask = 2147483647;
			files = (
			);
			inputFileListPaths = (
			);
			inputPaths = (
				"${PODS_PODFILE_DIR_PATH}/Podfile.lock",
				"${PODS_ROOT}/Manifest.lock",
			);
			name = "[CP] Check Pods Manifest.lock";
			outputFileListPaths = (
			);
			outputPaths = (
				"$(DERIVED_FILE_DIR)/Pods-VonageSDKClientVOIPExample-checkManifestLockResult.txt",
			);
			runOnlyForDeploymentPostprocessing = 0;
			shellPath = /bin/sh;
			shellScript = "diff \"${PODS_PODFILE_DIR_PATH}/Podfile.lock\" \"${PODS_ROOT}/Manifest.lock\" > /dev/null\nif [ $? != 0 ] ; then\n    # print error to STDERR\n    echo \"error: The sandbox is not in sync with the Podfile.lock. Run 'pod install' or update your CocoaPods installation.\" >&2\n    exit 1\nfi\n# This output is used by Xcode 'outputs' to avoid re-running this script phase.\necho \"SUCCESS\" > \"${SCRIPT_OUTPUT_FILE_0}\"\n";
			showEnvVarsInLog = 0;
		};
/* End PBXShellScriptBuildPhase section */

/* Begin PBXSourcesBuildPhase section */
		D1F2436B2981846C00C49B3F /* Sources */ = {
			isa = PBXSourcesBuildPhase;
			buildActionMask = 2147483647;
			files = (
				FEB9E7742A4CA6FD003C2B62 /* NetworkController.swift in Sources */,
				D1521C332999A86600E7D572 /* utils.swift in Sources */,
				D1215930299984FA001BB563 /* PushController.swift in Sources */,
				D1F2438F2987370B00C49B3F /* ActveCallViewController.swift in Sources */,
				FEB9E7712A4CA64C003C2B62 /* Configuration.swift in Sources */,
				FEB9E7762A4CA815003C2B62 /* BaseViewController.swift in Sources */,
				D1215927299980E2001BB563 /* CallController.swift in Sources */,
				D1521C44299C395F00E7D572 /* CircularButton.swift in Sources */,
				D121592A299982A4001BB563 /* CallController+VGVoiceDelegate.swift in Sources */,
				D1521C4A299DA37B00E7D572 /* CallController+CXProviderDelegate.swift in Sources */,
				D1F2438A2981902900C49B3F /* UserController.swift in Sources */,
				D121593D2999A2A6001BB563 /* Connection.swift in Sources */,
				D1521C46299C396800E7D572 /* DialerView.swift in Sources */,
				D1F24388298187C600C49B3F /* LoginViewController.swift in Sources */,
				D121593329998536001BB563 /* Call.swift in Sources */,
				D118E6E029E9EA9C0039EABA /* CallVisualView.swift in Sources */,
				D1F243772981846C00C49B3F /* DialerViewController.swift in Sources */,
				D1F243732981846C00C49B3F /* AppDelegate.swift in Sources */,
				D1F243752981846C00C49B3F /* SceneDelegate.swift in Sources */,
				D121593929998FE6001BB563 /* User.swift in Sources */,
				D1521C48299C410A00E7D572 /* CircularRingView.swift in Sources */,
			);
			runOnlyForDeploymentPostprocessing = 0;
		};
/* End PBXSourcesBuildPhase section */

/* Begin PBXVariantGroup section */
		D1F2437D2981846E00C49B3F /* LaunchScreen.storyboard */ = {
			isa = PBXVariantGroup;
			children = (
				D1F2437E2981846E00C49B3F /* Base */,
			);
			name = LaunchScreen.storyboard;
			sourceTree = "<group>";
		};
/* End PBXVariantGroup section */

/* Begin XCBuildConfiguration section */
		D1F243812981846E00C49B3F /* Debug */ = {
			isa = XCBuildConfiguration;
			baseConfigurationReference = FEB9E7792A4CB7B4003C2B62 /* secrets.xcconfig */;
			buildSettings = {
				ALWAYS_SEARCH_USER_PATHS = NO;
				CLANG_ANALYZER_NONNULL = YES;
				CLANG_ANALYZER_NUMBER_OBJECT_CONVERSION = YES_AGGRESSIVE;
				CLANG_CXX_LANGUAGE_STANDARD = "gnu++20";
				CLANG_ENABLE_MODULES = YES;
				CLANG_ENABLE_OBJC_ARC = YES;
				CLANG_ENABLE_OBJC_WEAK = YES;
				CLANG_WARN_BLOCK_CAPTURE_AUTORELEASING = YES;
				CLANG_WARN_BOOL_CONVERSION = YES;
				CLANG_WARN_COMMA = YES;
				CLANG_WARN_CONSTANT_CONVERSION = YES;
				CLANG_WARN_DEPRECATED_OBJC_IMPLEMENTATIONS = YES;
				CLANG_WARN_DIRECT_OBJC_ISA_USAGE = YES_ERROR;
				CLANG_WARN_DOCUMENTATION_COMMENTS = YES;
				CLANG_WARN_EMPTY_BODY = YES;
				CLANG_WARN_ENUM_CONVERSION = YES;
				CLANG_WARN_INFINITE_RECURSION = YES;
				CLANG_WARN_INT_CONVERSION = YES;
				CLANG_WARN_NON_LITERAL_NULL_CONVERSION = YES;
				CLANG_WARN_OBJC_IMPLICIT_RETAIN_SELF = YES;
				CLANG_WARN_OBJC_LITERAL_CONVERSION = YES;
				CLANG_WARN_OBJC_ROOT_CLASS = YES_ERROR;
				CLANG_WARN_QUOTED_INCLUDE_IN_FRAMEWORK_HEADER = YES;
				CLANG_WARN_RANGE_LOOP_ANALYSIS = YES;
				CLANG_WARN_STRICT_PROTOTYPES = YES;
				CLANG_WARN_SUSPICIOUS_MOVE = YES;
				CLANG_WARN_UNGUARDED_AVAILABILITY = YES_AGGRESSIVE;
				CLANG_WARN_UNREACHABLE_CODE = YES;
				CLANG_WARN__DUPLICATE_METHOD_MATCH = YES;
				COPY_PHASE_STRIP = NO;
				DEBUG_INFORMATION_FORMAT = dwarf;
				ENABLE_STRICT_OBJC_MSGSEND = YES;
				ENABLE_TESTABILITY = YES;
				ENABLE_USER_SCRIPT_SANDBOXING = NO;
				GCC_C_LANGUAGE_STANDARD = gnu11;
				GCC_DYNAMIC_NO_PIC = NO;
				GCC_NO_COMMON_BLOCKS = YES;
				GCC_OPTIMIZATION_LEVEL = 0;
				GCC_PREPROCESSOR_DEFINITIONS = (
					"DEBUG=1",
					"$(inherited)",
				);
				GCC_WARN_64_TO_32_BIT_CONVERSION = YES;
				GCC_WARN_ABOUT_RETURN_TYPE = YES_ERROR;
				GCC_WARN_UNDECLARED_SELECTOR = YES;
				GCC_WARN_UNINITIALIZED_AUTOS = YES_AGGRESSIVE;
				GCC_WARN_UNUSED_FUNCTION = YES;
				GCC_WARN_UNUSED_VARIABLE = YES;
				IPHONEOS_DEPLOYMENT_TARGET = 16.2;
				MTL_ENABLE_DEBUG_INFO = INCLUDE_SOURCE;
				MTL_FAST_MATH = YES;
				ONLY_ACTIVE_ARCH = YES;
				SDKROOT = iphoneos;
				SWIFT_ACTIVE_COMPILATION_CONDITIONS = DEBUG;
				SWIFT_OPTIMIZATION_LEVEL = "-Onone";
			};
			name = Debug;
		};
		D1F243822981846E00C49B3F /* Release */ = {
			isa = XCBuildConfiguration;
			baseConfigurationReference = FEB9E7792A4CB7B4003C2B62 /* secrets.xcconfig */;
			buildSettings = {
				ALWAYS_SEARCH_USER_PATHS = NO;
				CLANG_ANALYZER_NONNULL = YES;
				CLANG_ANALYZER_NUMBER_OBJECT_CONVERSION = YES_AGGRESSIVE;
				CLANG_CXX_LANGUAGE_STANDARD = "gnu++20";
				CLANG_ENABLE_MODULES = YES;
				CLANG_ENABLE_OBJC_ARC = YES;
				CLANG_ENABLE_OBJC_WEAK = YES;
				CLANG_WARN_BLOCK_CAPTURE_AUTORELEASING = YES;
				CLANG_WARN_BOOL_CONVERSION = YES;
				CLANG_WARN_COMMA = YES;
				CLANG_WARN_CONSTANT_CONVERSION = YES;
				CLANG_WARN_DEPRECATED_OBJC_IMPLEMENTATIONS = YES;
				CLANG_WARN_DIRECT_OBJC_ISA_USAGE = YES_ERROR;
				CLANG_WARN_DOCUMENTATION_COMMENTS = YES;
				CLANG_WARN_EMPTY_BODY = YES;
				CLANG_WARN_ENUM_CONVERSION = YES;
				CLANG_WARN_INFINITE_RECURSION = YES;
				CLANG_WARN_INT_CONVERSION = YES;
				CLANG_WARN_NON_LITERAL_NULL_CONVERSION = YES;
				CLANG_WARN_OBJC_IMPLICIT_RETAIN_SELF = YES;
				CLANG_WARN_OBJC_LITERAL_CONVERSION = YES;
				CLANG_WARN_OBJC_ROOT_CLASS = YES_ERROR;
				CLANG_WARN_QUOTED_INCLUDE_IN_FRAMEWORK_HEADER = YES;
				CLANG_WARN_RANGE_LOOP_ANALYSIS = YES;
				CLANG_WARN_STRICT_PROTOTYPES = YES;
				CLANG_WARN_SUSPICIOUS_MOVE = YES;
				CLANG_WARN_UNGUARDED_AVAILABILITY = YES_AGGRESSIVE;
				CLANG_WARN_UNREACHABLE_CODE = YES;
				CLANG_WARN__DUPLICATE_METHOD_MATCH = YES;
				COPY_PHASE_STRIP = NO;
				DEBUG_INFORMATION_FORMAT = "dwarf-with-dsym";
				ENABLE_NS_ASSERTIONS = NO;
				ENABLE_STRICT_OBJC_MSGSEND = YES;
				ENABLE_USER_SCRIPT_SANDBOXING = NO;
				GCC_C_LANGUAGE_STANDARD = gnu11;
				GCC_NO_COMMON_BLOCKS = YES;
				GCC_WARN_64_TO_32_BIT_CONVERSION = YES;
				GCC_WARN_ABOUT_RETURN_TYPE = YES_ERROR;
				GCC_WARN_UNDECLARED_SELECTOR = YES;
				GCC_WARN_UNINITIALIZED_AUTOS = YES_AGGRESSIVE;
				GCC_WARN_UNUSED_FUNCTION = YES;
				GCC_WARN_UNUSED_VARIABLE = YES;
				IPHONEOS_DEPLOYMENT_TARGET = 16.2;
				MTL_ENABLE_DEBUG_INFO = NO;
				MTL_FAST_MATH = YES;
				SDKROOT = iphoneos;
				SWIFT_COMPILATION_MODE = wholemodule;
				SWIFT_OPTIMIZATION_LEVEL = "-O";
				VALIDATE_PRODUCT = YES;
			};
			name = Release;
		};
		D1F243842981846E00C49B3F /* Debug */ = {
			isa = XCBuildConfiguration;
			baseConfigurationReference = 349634D600C084FEBBC0823C /* Pods-VonageSDKClientVOIPExample.debug.xcconfig */;
			buildSettings = {
				ASSETCATALOG_COMPILER_APPICON_NAME = AppIcon;
				ASSETCATALOG_COMPILER_GLOBAL_ACCENT_COLOR_NAME = AccentColor;
				CLANG_LINK_OBJC_RUNTIME = YES;
				CODE_SIGN_ENTITLEMENTS = VonageSDKClientVOIPExample/VonageSDKClientVOIPExample.entitlements;
				CODE_SIGN_STYLE = Automatic;
				CURRENT_PROJECT_VERSION = 1;
				DEVELOPMENT_TEAM = 7F2B5ZSP8Q;
				GENERATE_INFOPLIST_FILE = YES;
				INFOPLIST_FILE = VonageSDKClientVOIPExample/Info.plist;
				INFOPLIST_KEY_NSMicrophoneUsageDescription = "Need microphone access for uploading audio";
				INFOPLIST_KEY_UIApplicationSupportsIndirectInputEvents = YES;
				INFOPLIST_KEY_UILaunchStoryboardName = LaunchScreen;
				INFOPLIST_KEY_UIMainStoryboardFile = "";
				INFOPLIST_KEY_UISupportedInterfaceOrientations = UIInterfaceOrientationPortrait;
				IPHONEOS_DEPLOYMENT_TARGET = 15.0;
				LD_RUNPATH_SEARCH_PATHS = (
					"$(inherited)",
					"@executable_path/Frameworks",
				);
				MACH_O_TYPE = mh_execute;
				MARKETING_VERSION = 1.0;
				PRODUCT_BUNDLE_IDENTIFIER = "com.nexmo.nexmoclient-push-notifications-test-app-ios";
				PRODUCT_NAME = "$(TARGET_NAME)";
				SWIFT_EMIT_LOC_STRINGS = YES;
				SWIFT_VERSION = 5.0;
				TARGETED_DEVICE_FAMILY = "1,2";
			};
			name = Debug;
		};
		D1F243852981846E00C49B3F /* Release */ = {
			isa = XCBuildConfiguration;
			baseConfigurationReference = 6A29EF2241B7D3E5BF694A36 /* Pods-VonageSDKClientVOIPExample.release.xcconfig */;
			buildSettings = {
				ASSETCATALOG_COMPILER_APPICON_NAME = AppIcon;
				ASSETCATALOG_COMPILER_GLOBAL_ACCENT_COLOR_NAME = AccentColor;
				CLANG_LINK_OBJC_RUNTIME = YES;
				CODE_SIGN_ENTITLEMENTS = VonageSDKClientVOIPExample/VonageSDKClientVOIPExample.entitlements;
				CODE_SIGN_STYLE = Automatic;
				CURRENT_PROJECT_VERSION = 1;
				DEVELOPMENT_TEAM = 7F2B5ZSP8Q;
				GENERATE_INFOPLIST_FILE = YES;
				INFOPLIST_FILE = VonageSDKClientVOIPExample/Info.plist;
				INFOPLIST_KEY_NSMicrophoneUsageDescription = "Need microphone access for uploading audio";
				INFOPLIST_KEY_UIApplicationSupportsIndirectInputEvents = YES;
				INFOPLIST_KEY_UILaunchStoryboardName = LaunchScreen;
				INFOPLIST_KEY_UIMainStoryboardFile = "";
				INFOPLIST_KEY_UISupportedInterfaceOrientations = UIInterfaceOrientationPortrait;
				IPHONEOS_DEPLOYMENT_TARGET = 15.0;
				LD_RUNPATH_SEARCH_PATHS = (
					"$(inherited)",
					"@executable_path/Frameworks",
				);
				MACH_O_TYPE = mh_execute;
				MARKETING_VERSION = 1.0;
				PRODUCT_BUNDLE_IDENTIFIER = "com.nexmo.nexmoclient-push-notifications-test-app-ios";
				PRODUCT_NAME = "$(TARGET_NAME)";
				SWIFT_EMIT_LOC_STRINGS = YES;
				SWIFT_VERSION = 5.0;
				TARGETED_DEVICE_FAMILY = "1,2";
			};
			name = Release;
		};
/* End XCBuildConfiguration section */

/* Begin XCConfigurationList section */
		D1F2436A2981846C00C49B3F /* Build configuration list for PBXProject "VonageSDKClientVOIPExample" */ = {
			isa = XCConfigurationList;
			buildConfigurations = (
				D1F243812981846E00C49B3F /* Debug */,
				D1F243822981846E00C49B3F /* Release */,
			);
			defaultConfigurationIsVisible = 0;
			defaultConfigurationName = Release;
		};
		D1F243832981846E00C49B3F /* Build configuration list for PBXNativeTarget "VonageSDKClientVOIPExample" */ = {
			isa = XCConfigurationList;
			buildConfigurations = (
				D1F243842981846E00C49B3F /* Debug */,
				D1F243852981846E00C49B3F /* Release */,
			);
			defaultConfigurationIsVisible = 0;
			defaultConfigurationName = Release;
		};
/* End XCConfigurationList section */
	};
	rootObject = D1F243672981846C00C49B3F /* Project object */;
}
