PODS:
  - VonageClientSDKVoice (2.2.0-alpha.0):
    - VonageWebRTC (~> 121.1.100)
  - VonageWebRTC (121.1.100)

DEPENDENCIES:
  - VonageClientSDKVoice (= 2.2.0-alpha.0)

SPEC REPOS:
  trunk:
    - VonageClientSDKVoice
    - VonageWebRTC

SPEC CHECKSUMS:
  VonageClientSDKVoice: 28d76b6cda9f7aa04703469c8a5f6b91de0a16c2
  VonageWebRTC: cc915fbcf91f82c71ad37dc576aca1025ecdb91c

PODFILE CHECKSUM: b3afa676b79abbd4b7dbe4b484012a36e8590cac

COCOAPODS: 1.16.2
