PODS:
  - VonageClientSDKVoice (1.4.0-rc.0):
    - VonageWebRTC (~> 99.10.34)
  - VonageWebRTC (99.10.35)

DEPENDENCIES:
  - VonageClientSDKVoice (= 1.4.0-rc.0)

SPEC REPOS:
  trunk:
    - VonageClientSDKVoice
    - VonageWebRTC

SPEC CHECKSUMS:
  VonageClientSDKVoice: a03227e32f46ab10cbb9b64d0e31a307819266f5
  VonageWebRTC: cd85b692289961d55ce0fc4be0f47310568adc66

PODFILE CHECKSUM: f63fd1b48121c6b75e303c5b60de8b2cf1941bb4

COCOAPODS: 1.14.2
