PODS:
  - VonageClientSDKVoice (2.1.2):
    - VonageWebRTC (~> 99.14.95)
  - VonageWebRTC (99.14.100)

DEPENDENCIES:
  - VonageClientSDKVoice (= 2.1.2)

SPEC REPOS:
  trunk:
    - VonageClientSDKVoice
    - VonageWebRTC

SPEC CHECKSUMS:
  VonageClientSDKVoice: 9b5711d2209c72d6351d856343c30b4a3b10f81c
  VonageWebRTC: c6c80961496762ac0b94aedf3ba15e91e9e22088

PODFILE CHECKSUM: 2c0fc8a7028df1ccfeff6dbb7146a183dbd05199

COCOAPODS: 1.16.2
