PODS:
  - VonageClientSDKChat (1.1.0-alpha.16)

DEPENDENCIES:
  - VonageClientSDKChat (= 1.1.0-alpha.16)

SPEC REPOS:
  trunk:
    - VonageClientSDKChat

SPEC CHECKSUMS:
  VonageClientSDKChat: fda0192b24331b2e03fa44f86eb939331b7955b5

PODFILE CHECKSUM: 2927b19766b4d877d5490058bc4ba8a4c064a9ca

COCOAPODS: 1.11.3
