PODS:
  - VonageClientSDKChat (1.2.0-rc.3)

DEPENDENCIES:
  - VonageClientSDKChat (= 1.2.0-rc.3)

SPEC REPOS:
  trunk:
    - VonageClientSDKChat

SPEC CHECKSUMS:
  VonageClientSDKChat: 320f025c2b0de63bedb667689609a064b738a428

PODFILE CHECKSUM: cc65f2a814937454c83a885fb87f48a24037cf22

COCOAPODS: 1.13.0
