PODS:
  - VonageClientSDKChat (1.1.0-alpha.7)

DEPENDENCIES:
  - VonageClientSDKChat (= 1.1.0-alpha.7)

SPEC REPOS:
  trunk:
    - VonageClientSDKChat

SPEC CHECKSUMS:
  VonageClientSDKChat: 47b4303cd54d33f681f67ecb6162da17c903cc78

PODFILE CHECKSUM: f0ce470272caccfed86a1d7f802d4f7d2a28d6df

COCOAPODS: 1.11.3
